PODS:
  - CwlCatchException (2.1.2):
    - CwlCatchExceptionSupport (~> 2.1.2)
  - CwlCatchExceptionSupport (2.1.2)
  - CwlMachBadInstructionHandler (2.1.2)
  - CwlPosixPreconditionTesting (2.1.2)
  - CwlPreconditionTesting (2.1.2):
    - CwlCatchException (~> 2.1.2)
    - CwlMachBadInstructionHandler (~> 2.1.2)
    - CwlPosixPreconditionTesting (~> 2.1.2)
  - Nimble (13.1.2):
    - CwlPreconditionTesting (~> 2.1.0)
  - Quick (7.4.0)
  - Wormholy (1.7.0)

DEPENDENCIES:
  - Nimble
  - Quick
  - Wormholy

SPEC REPOS:
  trunk:
    - CwlCatchException
    - CwlCatchExceptionSupport
    - CwlMachBadInstructionHandler
    - CwlPosixPreconditionTesting
    - CwlPreconditionTesting
    - Nimble
    - Quick
    - Wormholy

SPEC CHECKSUMS:
  CwlCatchException: 76542d5ea479c79ce16ddd6e7bc9d42c7ec63300
  CwlCatchExceptionSupport: 42bf8c5e4e5e663f51100ddfa68caf7cfcf64ab6
  CwlMachBadInstructionHandler: b982c7e3e44fcfa1c680e8046f6bba35f3476d65
  CwlPosixPreconditionTesting: 4011f0660c0be460b088d10bcfdf351c7e036ac4
  CwlPreconditionTesting: 23ed728f2acc2d774fb59101123c943ce0119107
  Nimble: d733c860d832b324e9779034f12398993c536e7b
  Quick: d0f6d66a9342b1ffe5f161a81a662a4dbfe74692
  Wormholy: ab1c8c2f02f58587a0941deb0088555ffbf039a1

PODFILE CHECKSUM: 736eea24bc540414a114ece675aae312a2cc1378

COCOAPODS: 1.15.0
