// !$*UTF8*$!
{
	archiveVersion = 1;
	classes = {
	};
	objectVersion = 56;
	objects = {

/* Begin PBXBuildFile section */
		34A3680E49F62DA0721E9321 /* Pods_ProjectAPITests.framework in Frameworks */ = {isa = PBXBuildFile; fileRef = F304CF6CE6E404E0716F2B92 /* Pods_ProjectAPITests.framework */; };
		5D0AB450D08E4620D9374C2A /* Pods_ProjectAPI.framework in Frameworks */ = {isa = PBXBuildFile; fileRef = 60C6A489EA0AE177BDB4C2FF /* Pods_ProjectAPI.framework */; };
		9A6DB9A4E232AC9882460D27 /* Pods_ProjectAPI_ProjectAPIUITests.framework in Frameworks */ = {isa = PBXBuildFile; fileRef = 485B9D5DFDDDA365458FDD29 /* Pods_ProjectAPI_ProjectAPIUITests.framework */; };
		B71896322B601D33009540F0 /* HarryPotterViewModelTests.swift in Sources */ = {isa = PBXBuildFile; fileRef = B71896312B601D33009540F0 /* HarryPotterViewModelTests.swift */; };
		B71896352B602314009540F0 /* RouteTests.swift in Sources */ = {isa = PBXBuildFile; fileRef = B71896342B602314009540F0 /* RouteTests.swift */; };
		B71DABD52B6C839E00C80EEB /* HarryPotterUITests.swift in Sources */ = {isa = PBXBuildFile; fileRef = B71DABD42B6C839E00C80EEB /* HarryPotterUITests.swift */; };
		B71DABD72B6C83BC00C80EEB /* GitHubUITests.swift in Sources */ = {isa = PBXBuildFile; fileRef = B71DABD62B6C83BC00C80EEB /* GitHubUITests.swift */; };
		B71DABD92B6C842E00C80EEB /* NotificationUITests.swift in Sources */ = {isa = PBXBuildFile; fileRef = B71DABD82B6C842E00C80EEB /* NotificationUITests.swift */; };
		B71DABDB2B6C845700C80EEB /* LoginUITests.swift in Sources */ = {isa = PBXBuildFile; fileRef = B71DABDA2B6C845700C80EEB /* LoginUITests.swift */; };
		B71DABDD2B6D2F0100C80EEB /* PerformanceUITests.swift in Sources */ = {isa = PBXBuildFile; fileRef = B71DABDC2B6D2F0100C80EEB /* PerformanceUITests.swift */; };
		B74062012B6C7B7500D02CAF /* XCTest.framework in Frameworks */ = {isa = PBXBuildFile; fileRef = B7BEED782B5ECDB800BA2333 /* XCTest.framework */; };
		B74062042B6C7BAE00D02CAF /* XCTest.framework in Embed Frameworks */ = {isa = PBXBuildFile; fileRef = B7BEED782B5ECDB800BA2333 /* XCTest.framework */; platformFilter = ios; settings = {ATTRIBUTES = (CodeSignOnCopy, RemoveHeadersOnCopy, ); }; };
		B74062072B6C7C1F00D02CAF /* Cuckoo in Frameworks */ = {isa = PBXBuildFile; productRef = B74062062B6C7C1F00D02CAF /* Cuckoo */; };
		B74062092B6C7C3100D02CAF /* Quick in Frameworks */ = {isa = PBXBuildFile; productRef = B74062082B6C7C3100D02CAF /* Quick */; };
		B740620B2B6C7C3E00D02CAF /* Nimble in Frameworks */ = {isa = PBXBuildFile; productRef = B740620A2B6C7C3E00D02CAF /* Nimble */; };
		B754835B2B6C5035002B6C74 /* AsyncAlgorithms in Frameworks */ = {isa = PBXBuildFile; productRef = B754835A2B6C5035002B6C74 /* AsyncAlgorithms */; };
		B75BB7982B5AC0B7004DDC1E /* RepositoriesViewModelTests.swift in Sources */ = {isa = PBXBuildFile; fileRef = B75BB7972B5AC0B7004DDC1E /* RepositoriesViewModelTests.swift */; };
		B75BB79B2B5AD82F004DDC1E /* URLExtensionsTests.swift in Sources */ = {isa = PBXBuildFile; fileRef = B75BB79A2B5AD82F004DDC1E /* URLExtensionsTests.swift */; };
		B75BB79F2B5B09A3004DDC1E /* AnalyticsServiceTests.swift in Sources */ = {isa = PBXBuildFile; fileRef = B75BB79E2B5B09A3004DDC1E /* AnalyticsServiceTests.swift */; };
		B75BB7A22B5EBE48004DDC1E /* Mockingbird in Frameworks */ = {isa = PBXBuildFile; productRef = B75BB7A12B5EBE48004DDC1E /* Mockingbird */; };
		B75DF2F22B743EA300682305 /* InlineSnapshotTesting in Frameworks */ = {isa = PBXBuildFile; productRef = B75DF2F12B743EA300682305 /* InlineSnapshotTesting */; };
		B75DF2F42B743EA300682305 /* SnapshotTesting in Frameworks */ = {isa = PBXBuildFile; productRef = B75DF2F32B743EA300682305 /* SnapshotTesting */; };
		B75DF2FA2B7542C800682305 /* ViewControllerSnapshotTests.swift in Sources */ = {isa = PBXBuildFile; fileRef = B75DF2F92B7542C800682305 /* ViewControllerSnapshotTests.swift */; };
		B75DF2FD2B7545A900682305 /* Nimble-Snapshots in Frameworks */ = {isa = PBXBuildFile; productRef = B75DF2FC2B7545A900682305 /* Nimble-Snapshots */; };
		B75F12602B729D7A00B5125A /* FirebaseMessaging in Frameworks */ = {isa = PBXBuildFile; productRef = B75F125F2B729D7A00B5125A /* FirebaseMessaging */; };
		B75F12622B729D8E00B5125A /* GoogleSignIn in Frameworks */ = {isa = PBXBuildFile; productRef = B75F12612B729D8E00B5125A /* GoogleSignIn */; };
		B76581F92B75481100D1AFF1 /* InlineSnapshotTesting in Frameworks */ = {isa = PBXBuildFile; productRef = B76581F82B75481100D1AFF1 /* InlineSnapshotTesting */; };
		B76581FB2B75481100D1AFF1 /* SnapshotTesting in Frameworks */ = {isa = PBXBuildFile; productRef = B76581FA2B75481100D1AFF1 /* SnapshotTesting */; };
		B772531A2B62C671005A1BC8 /* Cuckoo in Frameworks */ = {isa = PBXBuildFile; productRef = B77253192B62C671005A1BC8 /* Cuckoo */; };
		B77685E32B64150E00B31222 /* Cuckoo in Frameworks */ = {isa = PBXBuildFile; productRef = B77685E22B64150E00B31222 /* Cuckoo */; };
		B786FEF52B34A8D40023FFC0 /* FirebaseAnalytics in Frameworks */ = {isa = PBXBuildFile; productRef = B786FEF42B34A8D40023FFC0 /* FirebaseAnalytics */; };
		B786FEF72B34A8D40023FFC0 /* FirebaseAuth in Frameworks */ = {isa = PBXBuildFile; productRef = B786FEF62B34A8D40023FFC0 /* FirebaseAuth */; };
		B786FEF92B34A8D40023FFC0 /* FirebaseCrashlytics in Frameworks */ = {isa = PBXBuildFile; productRef = B786FEF82B34A8D40023FFC0 /* FirebaseCrashlytics */; };
		B786FEFB2B34A8D40023FFC0 /* FirebaseFirestore in Frameworks */ = {isa = PBXBuildFile; productRef = B786FEFA2B34A8D40023FFC0 /* FirebaseFirestore */; };
		B786FEFD2B34A8D40023FFC0 /* FirebaseMessaging in Frameworks */ = {isa = PBXBuildFile; productRef = B786FEFC2B34A8D40023FFC0 /* FirebaseMessaging */; };
		B786FEFF2B34A8D40023FFC0 /* FirebasePerformance in Frameworks */ = {isa = PBXBuildFile; productRef = B786FEFE2B34A8D40023FFC0 /* FirebasePerformance */; };
		B78BDC622B754B1A00C96C74 /* CwlCatchException in Frameworks */ = {isa = PBXBuildFile; productRef = B78BDC612B754B1A00C96C74 /* CwlCatchException */; };
		B78BDC642B754B2600C96C74 /* CwlCatchException in Frameworks */ = {isa = PBXBuildFile; productRef = B78BDC632B754B2600C96C74 /* CwlCatchException */; };
		B78BDC652B754F3D00C96C74 /* Config.xcconfig in Resources */ = {isa = PBXBuildFile; fileRef = B7C69BEC2B719CCA00E5D36B /* Config.xcconfig */; };
		B78BDC662B754F3E00C96C74 /* Config.xcconfig in Resources */ = {isa = PBXBuildFile; fileRef = B7C69BEC2B719CCA00E5D36B /* Config.xcconfig */; };
		B78BDC672B754F3F00C96C74 /* Config.xcconfig in Resources */ = {isa = PBXBuildFile; fileRef = B7C69BEC2B719CCA00E5D36B /* Config.xcconfig */; };
		B7A262DC2B34A1D1009BF461 /* FirebaseCrashlytics in Frameworks */ = {isa = PBXBuildFile; productRef = B7A262DB2B34A1D1009BF461 /* FirebaseCrashlytics */; };
		B7A262DE2B34A1D1009BF461 /* FirebaseMessaging in Frameworks */ = {isa = PBXBuildFile; productRef = B7A262DD2B34A1D1009BF461 /* FirebaseMessaging */; };
		B7B41BCE2B6B1EAF00A1ABC4 /* AppDelegate.swift in Sources */ = {isa = PBXBuildFile; fileRef = B74EBD8B2B34E7A800F8F9F1 /* AppDelegate.swift */; };
		B7B41BCF2B6B1EB300A1ABC4 /* URLExtensions.swift in Sources */ = {isa = PBXBuildFile; fileRef = B7B693122B59ADF1004D9059 /* URLExtensions.swift */; };
		B7B41BD02B6B1EB600A1ABC4 /* Route.swift in Sources */ = {isa = PBXBuildFile; fileRef = B7412C552B3B3034006E92A4 /* Route.swift */; };
		B7B41BD12B6B1EB900A1ABC4 /* NavigationRouter.swift in Sources */ = {isa = PBXBuildFile; fileRef = B7412C582B3B3336006E92A4 /* NavigationRouter.swift */; };
		B7B41BD22B6B1EBD00A1ABC4 /* RouteFinder.swift in Sources */ = {isa = PBXBuildFile; fileRef = B7412C5C2B3C86CD006E92A4 /* RouteFinder.swift */; };
		B7B41BD32B6B1EC000A1ABC4 /* AnalyticsService.swift in Sources */ = {isa = PBXBuildFile; fileRef = B79D4D862B3217F700ECE644 /* AnalyticsService.swift */; };
		B7B41BD42B6B1EC200A1ABC4 /* APIService.swift in Sources */ = {isa = PBXBuildFile; fileRef = B7C66D542B2BEBFD00C8580A /* APIService.swift */; };
		B7B41BD52B6B1EC400A1ABC4 /* LoginService.swift in Sources */ = {isa = PBXBuildFile; fileRef = B7C270362B4D6FBB00F448A1 /* LoginService.swift */; };
		B7B41BD62B6B1EC800A1ABC4 /* NotificationService.swift in Sources */ = {isa = PBXBuildFile; fileRef = B74EBD8D2B36315600F8F9F1 /* NotificationService.swift */; };
		B7B41BD72B6B1ECB00A1ABC4 /* Repository.swift in Sources */ = {isa = PBXBuildFile; fileRef = B7C66D4F2B2BE99F00C8580A /* Repository.swift */; };
		B7B41BD82B6B1ECD00A1ABC4 /* HarryPotter.swift in Sources */ = {isa = PBXBuildFile; fileRef = B7C66D512B2BEAE000C8580A /* HarryPotter.swift */; };
		B7B41BD92B6B1ED000A1ABC4 /* ViewModelProtocol.swift in Sources */ = {isa = PBXBuildFile; fileRef = B77C5FD12B5ED2AD0097ACB7 /* ViewModelProtocol.swift */; };
		B7B41BDA2B6B1ED200A1ABC4 /* RepositoriesViewModel.swift in Sources */ = {isa = PBXBuildFile; fileRef = B7C66D4C2B2BE97F00C8580A /* RepositoriesViewModel.swift */; };
		B7B41BDB2B6B1ED500A1ABC4 /* HarryPotterViewModel.swift in Sources */ = {isa = PBXBuildFile; fileRef = B7C66D562B2BECE300C8580A /* HarryPotterViewModel.swift */; };
		B7B41BDC2B6B1ED700A1ABC4 /* ListRepositoriesView.swift in Sources */ = {isa = PBXBuildFile; fileRef = B7C66D432B2BE8D300C8580A /* ListRepositoriesView.swift */; };
		B7B41BDD2B6B1EDA00A1ABC4 /* ListHarryPotterView.swift in Sources */ = {isa = PBXBuildFile; fileRef = B7C66D582B2BEF7500C8580A /* ListHarryPotterView.swift */; };
		B7B41BDE2B6B1EDC00A1ABC4 /* AccountView.swift in Sources */ = {isa = PBXBuildFile; fileRef = B7C66D472B2BE91500C8580A /* AccountView.swift */; };
		B7B41BDF2B6B1EDE00A1ABC4 /* NotificationView.swift in Sources */ = {isa = PBXBuildFile; fileRef = B74EBD8F2B36336200F8F9F1 /* NotificationView.swift */; };
		B7B41BE02B6B1EE100A1ABC4 /* CharacterView.swift in Sources */ = {isa = PBXBuildFile; fileRef = B7C66D5A2B2C976C00C8580A /* CharacterView.swift */; };
		B7B41BE12B6B1EE400A1ABC4 /* LoginView.swift in Sources */ = {isa = PBXBuildFile; fileRef = B7C270342B4C479200F448A1 /* LoginView.swift */; };
		B7B41BE22B6B1EE600A1ABC4 /* ContentView.swift in Sources */ = {isa = PBXBuildFile; fileRef = B7412C5A2B3C56DA006E92A4 /* ContentView.swift */; };
		B7B41BE32B6B1EE900A1ABC4 /* MainView.swift in Sources */ = {isa = PBXBuildFile; fileRef = B7C66D492B2BE92400C8580A /* MainView.swift */; };
		B7B692F52B55B3C2004D9059 /* Quick in Frameworks */ = {isa = PBXBuildFile; productRef = B7B692F42B55B3C2004D9059 /* Quick */; };
		B7B692F82B55B3E4004D9059 /* Nimble in Frameworks */ = {isa = PBXBuildFile; productRef = B7B692F72B55B3E4004D9059 /* Nimble */; };
		B7B692FB2B55B44D004D9059 /* RepositoryTests.swift in Sources */ = {isa = PBXBuildFile; fileRef = B7B692FA2B55B44D004D9059 /* RepositoryTests.swift */; };
		B7B692FD2B55B47F004D9059 /* HarryPotterTests.swift in Sources */ = {isa = PBXBuildFile; fileRef = B7B692FC2B55B47F004D9059 /* HarryPotterTests.swift */; };
		B7B693102B599A82004D9059 /* APIServiceTests.swift in Sources */ = {isa = PBXBuildFile; fileRef = B7B6930F2B599A82004D9059 /* APIServiceTests.swift */; };
		B7BF58E32B6A9ABB001A77D5 /* GeneratedMocks.swift in Sources */ = {isa = PBXBuildFile; fileRef = B7BF58E22B6A9ABB001A77D5 /* GeneratedMocks.swift */; };
		B7C2702C2B4C361E00F448A1 /* FirebaseAuthCombine-Community in Frameworks */ = {isa = PBXBuildFile; productRef = B7C2702B2B4C361E00F448A1 /* FirebaseAuthCombine-Community */; };
		B7C2702F2B4C399100F448A1 /* GoogleSignIn in Frameworks */ = {isa = PBXBuildFile; productRef = B7C2702E2B4C399100F448A1 /* GoogleSignIn */; };
		B7C270312B4C399100F448A1 /* GoogleSignInSwift in Frameworks */ = {isa = PBXBuildFile; productRef = B7C270302B4C399100F448A1 /* GoogleSignInSwift */; };
		B7C66D1D2B2BE85300C8580A /* Assets.xcassets in Resources */ = {isa = PBXBuildFile; fileRef = B7C66D1C2B2BE85300C8580A /* Assets.xcassets */; };
		B7C66D202B2BE85300C8580A /* Preview Assets.xcassets in Resources */ = {isa = PBXBuildFile; fileRef = B7C66D1F2B2BE85300C8580A /* Preview Assets.xcassets */; };
		B7C69BEF2B71A19100E5D36B /* FirebaseAuth in Frameworks */ = {isa = PBXBuildFile; productRef = B7C69BEE2B71A19100E5D36B /* FirebaseAuth */; };
		B7CC0EDA2B602B3100A650BF /* ViewInspector in Frameworks */ = {isa = PBXBuildFile; productRef = B7CC0ED92B602B3100A650BF /* ViewInspector */; };
		B7CC0EDC2B602B4200A650BF /* ViewInspector in Frameworks */ = {isa = PBXBuildFile; productRef = B7CC0EDB2B602B4200A650BF /* ViewInspector */; };
		B7CC0EDE2B6030CD00A650BF /* NavigationRouterTests.swift in Sources */ = {isa = PBXBuildFile; fileRef = B7CC0EDD2B6030CC00A650BF /* NavigationRouterTests.swift */; };
		B7CC0EE02B6032AE00A650BF /* RouteFinderTests.swift in Sources */ = {isa = PBXBuildFile; fileRef = B7CC0EDF2B6032AE00A650BF /* RouteFinderTests.swift */; };
		B7CC0EE22B6179E100A650BF /* NotificationServiceTests.swift in Sources */ = {isa = PBXBuildFile; fileRef = B7CC0EE12B6179E100A650BF /* NotificationServiceTests.swift */; };
		B7CC0EE42B62C14100A650BF /* LoginServiceTests.swift in Sources */ = {isa = PBXBuildFile; fileRef = B7CC0EE32B62C14100A650BF /* LoginServiceTests.swift */; };
		B7F6B7AE2B6C39D800B96547 /* GoogleService-Info.plist in Sources */ = {isa = PBXBuildFile; fileRef = B73F98A52B6C34F60050136B /* GoogleService-Info.plist */; };
/* End PBXBuildFile section */

/* Begin PBXBuildRule section */
		B74C84162B4F04AF007B8790 /* PBXBuildRule */ = {
			isa = PBXBuildRule;
			compilerSpec = com.apple.compilers.proxy.script;
			fileType = pattern.proxy;
			inputFiles = (
			);
			isEditable = 1;
			outputFiles = (
			);
			script = "# Type a script or drag a script file from your workspace to insert its path.\n";
		};
		B74C84172B4F04B0007B8790 /* PBXBuildRule */ = {
			isa = PBXBuildRule;
			compilerSpec = com.apple.compilers.proxy.script;
			fileType = pattern.proxy;
			inputFiles = (
			);
			isEditable = 1;
			outputFiles = (
			);
			script = "# Type a script or drag a script file from your workspace to insert its path.\n";
		};
/* End PBXBuildRule section */

/* Begin PBXContainerItemProxy section */
		B7C66D262B2BE85300C8580A /* PBXContainerItemProxy */ = {
			isa = PBXContainerItemProxy;
			containerPortal = B7C66D0D2B2BE85000C8580A /* Project object */;
			proxyType = 1;
			remoteGlobalIDString = B7C66D142B2BE85000C8580A;
			remoteInfo = ProjectAPI;
		};
		B7C66D302B2BE85300C8580A /* PBXContainerItemProxy */ = {
			isa = PBXContainerItemProxy;
			containerPortal = B7C66D0D2B2BE85000C8580A /* Project object */;
			proxyType = 1;
			remoteGlobalIDString = B7C66D142B2BE85000C8580A;
			remoteInfo = ProjectAPI;
		};
/* End PBXContainerItemProxy section */

/* Begin PBXCopyFilesBuildPhase section */
		B74062052B6C7BAE00D02CAF /* Embed Frameworks */ = {
			isa = PBXCopyFilesBuildPhase;
			buildActionMask = 2147483647;
			dstPath = "";
			dstSubfolderSpec = 10;
			files = (
				B74062042B6C7BAE00D02CAF /* XCTest.framework in Embed Frameworks */,
			);
			name = "Embed Frameworks";
			runOnlyForDeploymentPostprocessing = 0;
		};
/* End PBXCopyFilesBuildPhase section */

/* Begin PBXFileReference section */
		0071CB5C39427FE8F5A3B524 /* Pods-ProjectAPI.uitest.xcconfig */ = {isa = PBXFileReference; includeInIndex = 1; lastKnownFileType = text.xcconfig; name = "Pods-ProjectAPI.uitest.xcconfig"; path = "Target Support Files/Pods-ProjectAPI/Pods-ProjectAPI.uitest.xcconfig"; sourceTree = "<group>"; };
		148A83AE3C9672381B5D2594 /* Pods-ProjectAPI-ProjectAPIUITests.release.xcconfig */ = {isa = PBXFileReference; includeInIndex = 1; lastKnownFileType = text.xcconfig; name = "Pods-ProjectAPI-ProjectAPIUITests.release.xcconfig"; path = "Target Support Files/Pods-ProjectAPI-ProjectAPIUITests/Pods-ProjectAPI-ProjectAPIUITests.release.xcconfig"; sourceTree = "<group>"; };
		1E2E31276D0D72F4B00AC00C /* Pods-ProjectAPI.debug.xcconfig */ = {isa = PBXFileReference; includeInIndex = 1; lastKnownFileType = text.xcconfig; name = "Pods-ProjectAPI.debug.xcconfig"; path = "Target Support Files/Pods-ProjectAPI/Pods-ProjectAPI.debug.xcconfig"; sourceTree = "<group>"; };
		485B9D5DFDDDA365458FDD29 /* Pods_ProjectAPI_ProjectAPIUITests.framework */ = {isa = PBXFileReference; explicitFileType = wrapper.framework; includeInIndex = 0; path = Pods_ProjectAPI_ProjectAPIUITests.framework; sourceTree = BUILT_PRODUCTS_DIR; };
		565E3E17A655A5BF85A7137B /* Pods-ProjectAPITests.uitest.xcconfig */ = {isa = PBXFileReference; includeInIndex = 1; lastKnownFileType = text.xcconfig; name = "Pods-ProjectAPITests.uitest.xcconfig"; path = "Target Support Files/Pods-ProjectAPITests/Pods-ProjectAPITests.uitest.xcconfig"; sourceTree = "<group>"; };
		60C6A489EA0AE177BDB4C2FF /* Pods_ProjectAPI.framework */ = {isa = PBXFileReference; explicitFileType = wrapper.framework; includeInIndex = 0; path = Pods_ProjectAPI.framework; sourceTree = BUILT_PRODUCTS_DIR; };
		70FFBE31541E92960AE0974E /* Pods-ProjectAPI-ProjectAPIUITests.debug.xcconfig */ = {isa = PBXFileReference; includeInIndex = 1; lastKnownFileType = text.xcconfig; name = "Pods-ProjectAPI-ProjectAPIUITests.debug.xcconfig"; path = "Target Support Files/Pods-ProjectAPI-ProjectAPIUITests/Pods-ProjectAPI-ProjectAPIUITests.debug.xcconfig"; sourceTree = "<group>"; };
		A98527571DFBB7C045B611BB /* Pods-ProjectAPI.release.xcconfig */ = {isa = PBXFileReference; includeInIndex = 1; lastKnownFileType = text.xcconfig; name = "Pods-ProjectAPI.release.xcconfig"; path = "Target Support Files/Pods-ProjectAPI/Pods-ProjectAPI.release.xcconfig"; sourceTree = "<group>"; };
		B688C357B8661A20D09F570E /* Pods-ProjectAPITests.debug.xcconfig */ = {isa = PBXFileReference; includeInIndex = 1; lastKnownFileType = text.xcconfig; name = "Pods-ProjectAPITests.debug.xcconfig"; path = "Target Support Files/Pods-ProjectAPITests/Pods-ProjectAPITests.debug.xcconfig"; sourceTree = "<group>"; };
		B71896312B601D33009540F0 /* HarryPotterViewModelTests.swift */ = {isa = PBXFileReference; lastKnownFileType = sourcecode.swift; path = HarryPotterViewModelTests.swift; sourceTree = "<group>"; };
		B71896342B602314009540F0 /* RouteTests.swift */ = {isa = PBXFileReference; lastKnownFileType = sourcecode.swift; path = RouteTests.swift; sourceTree = "<group>"; };
		B71DABD42B6C839E00C80EEB /* HarryPotterUITests.swift */ = {isa = PBXFileReference; lastKnownFileType = sourcecode.swift; path = HarryPotterUITests.swift; sourceTree = "<group>"; };
		B71DABD62B6C83BC00C80EEB /* GitHubUITests.swift */ = {isa = PBXFileReference; lastKnownFileType = sourcecode.swift; path = GitHubUITests.swift; sourceTree = "<group>"; };
		B71DABD82B6C842E00C80EEB /* NotificationUITests.swift */ = {isa = PBXFileReference; lastKnownFileType = sourcecode.swift; path = NotificationUITests.swift; sourceTree = "<group>"; };
		B71DABDA2B6C845700C80EEB /* LoginUITests.swift */ = {isa = PBXFileReference; lastKnownFileType = sourcecode.swift; path = LoginUITests.swift; sourceTree = "<group>"; };
		B71DABDC2B6D2F0100C80EEB /* PerformanceUITests.swift */ = {isa = PBXFileReference; lastKnownFileType = sourcecode.swift; path = PerformanceUITests.swift; sourceTree = "<group>"; };
		B73F98A52B6C34F60050136B /* GoogleService-Info.plist */ = {isa = PBXFileReference; fileEncoding = 4; lastKnownFileType = text.plist.xml; name = "GoogleService-Info.plist"; path = "../../GoogleService-Info.plist"; sourceTree = "<group>"; };
		B7412C552B3B3034006E92A4 /* Route.swift */ = {isa = PBXFileReference; lastKnownFileType = sourcecode.swift; path = Route.swift; sourceTree = "<group>"; };
		B7412C582B3B3336006E92A4 /* NavigationRouter.swift */ = {isa = PBXFileReference; lastKnownFileType = sourcecode.swift; path = NavigationRouter.swift; sourceTree = "<group>"; };
		B7412C5A2B3C56DA006E92A4 /* ContentView.swift */ = {isa = PBXFileReference; lastKnownFileType = sourcecode.swift; path = ContentView.swift; sourceTree = "<group>"; };
		B7412C5C2B3C86CD006E92A4 /* RouteFinder.swift */ = {isa = PBXFileReference; lastKnownFileType = sourcecode.swift; path = RouteFinder.swift; sourceTree = "<group>"; };
		B74EBD8B2B34E7A800F8F9F1 /* AppDelegate.swift */ = {isa = PBXFileReference; lastKnownFileType = sourcecode.swift; path = AppDelegate.swift; sourceTree = "<group>"; };
		B74EBD8D2B36315600F8F9F1 /* NotificationService.swift */ = {isa = PBXFileReference; lastKnownFileType = sourcecode.swift; path = NotificationService.swift; sourceTree = "<group>"; };
		B74EBD8F2B36336200F8F9F1 /* NotificationView.swift */ = {isa = PBXFileReference; lastKnownFileType = sourcecode.swift; path = NotificationView.swift; sourceTree = "<group>"; };
		B75BB7972B5AC0B7004DDC1E /* RepositoriesViewModelTests.swift */ = {isa = PBXFileReference; lastKnownFileType = sourcecode.swift; path = RepositoriesViewModelTests.swift; sourceTree = "<group>"; };
		B75BB79A2B5AD82F004DDC1E /* URLExtensionsTests.swift */ = {isa = PBXFileReference; lastKnownFileType = sourcecode.swift; path = URLExtensionsTests.swift; sourceTree = "<group>"; };
		B75BB79E2B5B09A3004DDC1E /* AnalyticsServiceTests.swift */ = {isa = PBXFileReference; lastKnownFileType = sourcecode.swift; path = AnalyticsServiceTests.swift; sourceTree = "<group>"; };
		B75DF2F92B7542C800682305 /* ViewControllerSnapshotTests.swift */ = {isa = PBXFileReference; lastKnownFileType = sourcecode.swift; path = ViewControllerSnapshotTests.swift; sourceTree = "<group>"; };
		B75F12642B72B31C00B5125A /* Info.plist */ = {isa = PBXFileReference; lastKnownFileType = text.plist.xml; path = Info.plist; sourceTree = "<group>"; };
		B77C5FD12B5ED2AD0097ACB7 /* ViewModelProtocol.swift */ = {isa = PBXFileReference; lastKnownFileType = sourcecode.swift; path = ViewModelProtocol.swift; sourceTree = "<group>"; };
		B79D4D862B3217F700ECE644 /* AnalyticsService.swift */ = {isa = PBXFileReference; lastKnownFileType = sourcecode.swift; path = AnalyticsService.swift; sourceTree = "<group>"; };
		B7B26EF62B73F57B00DC32F8 /* Info.plist */ = {isa = PBXFileReference; lastKnownFileType = text.plist; path = Info.plist; sourceTree = "<group>"; };
		B7B692FA2B55B44D004D9059 /* RepositoryTests.swift */ = {isa = PBXFileReference; lastKnownFileType = sourcecode.swift; path = RepositoryTests.swift; sourceTree = "<group>"; };
		B7B692FC2B55B47F004D9059 /* HarryPotterTests.swift */ = {isa = PBXFileReference; lastKnownFileType = sourcecode.swift; path = HarryPotterTests.swift; sourceTree = "<group>"; };
		B7B6930F2B599A82004D9059 /* APIServiceTests.swift */ = {isa = PBXFileReference; lastKnownFileType = sourcecode.swift; path = APIServiceTests.swift; sourceTree = "<group>"; };
		B7B693122B59ADF1004D9059 /* URLExtensions.swift */ = {isa = PBXFileReference; lastKnownFileType = sourcecode.swift; path = URLExtensions.swift; sourceTree = "<group>"; };
		B7BEED782B5ECDB800BA2333 /* XCTest.framework */ = {isa = PBXFileReference; lastKnownFileType = wrapper.framework; name = XCTest.framework; path = Platforms/iPhoneOS.platform/Developer/Library/Frameworks/XCTest.framework; sourceTree = DEVELOPER_DIR; };
		B7BF58E22B6A9ABB001A77D5 /* GeneratedMocks.swift */ = {isa = PBXFileReference; lastKnownFileType = sourcecode.swift; path = GeneratedMocks.swift; sourceTree = "<group>"; };
		B7C270342B4C479200F448A1 /* LoginView.swift */ = {isa = PBXFileReference; lastKnownFileType = sourcecode.swift; path = LoginView.swift; sourceTree = "<group>"; };
		B7C270362B4D6FBB00F448A1 /* LoginService.swift */ = {isa = PBXFileReference; lastKnownFileType = sourcecode.swift; path = LoginService.swift; sourceTree = "<group>"; };
		B7C66D152B2BE85000C8580A /* ProjectAPI.app */ = {isa = PBXFileReference; explicitFileType = wrapper.application; includeInIndex = 0; path = ProjectAPI.app; sourceTree = BUILT_PRODUCTS_DIR; };
		B7C66D1C2B2BE85300C8580A /* Assets.xcassets */ = {isa = PBXFileReference; lastKnownFileType = folder.assetcatalog; path = Assets.xcassets; sourceTree = "<group>"; };
		B7C66D1F2B2BE85300C8580A /* Preview Assets.xcassets */ = {isa = PBXFileReference; lastKnownFileType = folder.assetcatalog; path = "Preview Assets.xcassets"; sourceTree = "<group>"; };
		B7C66D252B2BE85300C8580A /* ProjectAPITests.xctest */ = {isa = PBXFileReference; explicitFileType = wrapper.cfbundle; includeInIndex = 0; path = ProjectAPITests.xctest; sourceTree = BUILT_PRODUCTS_DIR; };
		B7C66D2F2B2BE85300C8580A /* ProjectAPIUITests.xctest */ = {isa = PBXFileReference; explicitFileType = wrapper.cfbundle; includeInIndex = 0; path = ProjectAPIUITests.xctest; sourceTree = BUILT_PRODUCTS_DIR; };
		B7C66D432B2BE8D300C8580A /* ListRepositoriesView.swift */ = {isa = PBXFileReference; lastKnownFileType = sourcecode.swift; path = ListRepositoriesView.swift; sourceTree = "<group>"; };
		B7C66D472B2BE91500C8580A /* AccountView.swift */ = {isa = PBXFileReference; lastKnownFileType = sourcecode.swift; path = AccountView.swift; sourceTree = "<group>"; };
		B7C66D492B2BE92400C8580A /* MainView.swift */ = {isa = PBXFileReference; lastKnownFileType = sourcecode.swift; path = MainView.swift; sourceTree = "<group>"; };
		B7C66D4C2B2BE97F00C8580A /* RepositoriesViewModel.swift */ = {isa = PBXFileReference; lastKnownFileType = sourcecode.swift; path = RepositoriesViewModel.swift; sourceTree = "<group>"; };
		B7C66D4F2B2BE99F00C8580A /* Repository.swift */ = {isa = PBXFileReference; lastKnownFileType = sourcecode.swift; path = Repository.swift; sourceTree = "<group>"; };
		B7C66D512B2BEAE000C8580A /* HarryPotter.swift */ = {isa = PBXFileReference; lastKnownFileType = sourcecode.swift; path = HarryPotter.swift; sourceTree = "<group>"; };
		B7C66D542B2BEBFD00C8580A /* APIService.swift */ = {isa = PBXFileReference; lastKnownFileType = sourcecode.swift; path = APIService.swift; sourceTree = "<group>"; };
		B7C66D562B2BECE300C8580A /* HarryPotterViewModel.swift */ = {isa = PBXFileReference; lastKnownFileType = sourcecode.swift; path = HarryPotterViewModel.swift; sourceTree = "<group>"; };
		B7C66D582B2BEF7500C8580A /* ListHarryPotterView.swift */ = {isa = PBXFileReference; lastKnownFileType = sourcecode.swift; path = ListHarryPotterView.swift; sourceTree = "<group>"; };
		B7C66D5A2B2C976C00C8580A /* CharacterView.swift */ = {isa = PBXFileReference; lastKnownFileType = sourcecode.swift; path = CharacterView.swift; sourceTree = "<group>"; };
		B7C69BEC2B719CCA00E5D36B /* Config.xcconfig */ = {isa = PBXFileReference; lastKnownFileType = text.xcconfig; name = Config.xcconfig; path = /Users/dtidigital/Documents/ProjectAPI/ProjectAPIUITests/Config.xcconfig; sourceTree = "<absolute>"; };
		B7CC0EDD2B6030CC00A650BF /* NavigationRouterTests.swift */ = {isa = PBXFileReference; lastKnownFileType = sourcecode.swift; path = NavigationRouterTests.swift; sourceTree = "<group>"; };
		B7CC0EDF2B6032AE00A650BF /* RouteFinderTests.swift */ = {isa = PBXFileReference; lastKnownFileType = sourcecode.swift; path = RouteFinderTests.swift; sourceTree = "<group>"; };
		B7CC0EE12B6179E100A650BF /* NotificationServiceTests.swift */ = {isa = PBXFileReference; lastKnownFileType = sourcecode.swift; path = NotificationServiceTests.swift; sourceTree = "<group>"; };
		B7CC0EE32B62C14100A650BF /* LoginServiceTests.swift */ = {isa = PBXFileReference; lastKnownFileType = sourcecode.swift; path = LoginServiceTests.swift; sourceTree = "<group>"; };
		B94E01DED9D48089A389DF89 /* Pods-ProjectAPI-ProjectAPIUITests.uitest.xcconfig */ = {isa = PBXFileReference; includeInIndex = 1; lastKnownFileType = text.xcconfig; name = "Pods-ProjectAPI-ProjectAPIUITests.uitest.xcconfig"; path = "Target Support Files/Pods-ProjectAPI-ProjectAPIUITests/Pods-ProjectAPI-ProjectAPIUITests.uitest.xcconfig"; sourceTree = "<group>"; };
		DAB35A9A240002917BDDEFE0 /* Pods-ProjectAPITests.release.xcconfig */ = {isa = PBXFileReference; includeInIndex = 1; lastKnownFileType = text.xcconfig; name = "Pods-ProjectAPITests.release.xcconfig"; path = "Target Support Files/Pods-ProjectAPITests/Pods-ProjectAPITests.release.xcconfig"; sourceTree = "<group>"; };
		F304CF6CE6E404E0716F2B92 /* Pods_ProjectAPITests.framework */ = {isa = PBXFileReference; explicitFileType = wrapper.framework; includeInIndex = 0; path = Pods_ProjectAPITests.framework; sourceTree = BUILT_PRODUCTS_DIR; };
/* End PBXFileReference section */

/* Begin PBXFrameworksBuildPhase section */
		B7C66D122B2BE85000C8580A /* Frameworks */ = {
			isa = PBXFrameworksBuildPhase;
			buildActionMask = 2147483647;
			files = (
				B786FEFD2B34A8D40023FFC0 /* FirebaseMessaging in Frameworks */,
				B7C2702C2B4C361E00F448A1 /* FirebaseAuthCombine-Community in Frameworks */,
				B7CC0EDA2B602B3100A650BF /* ViewInspector in Frameworks */,
				B78BDC622B754B1A00C96C74 /* CwlCatchException in Frameworks */,
				B754835B2B6C5035002B6C74 /* AsyncAlgorithms in Frameworks */,
				B7A262DE2B34A1D1009BF461 /* FirebaseMessaging in Frameworks */,
				B786FEFF2B34A8D40023FFC0 /* FirebasePerformance in Frameworks */,
				B786FEF72B34A8D40023FFC0 /* FirebaseAuth in Frameworks */,
				B74062012B6C7B7500D02CAF /* XCTest.framework in Frameworks */,
				B7C2702F2B4C399100F448A1 /* GoogleSignIn in Frameworks */,
				B7A262DC2B34A1D1009BF461 /* FirebaseCrashlytics in Frameworks */,
				B75BB7A22B5EBE48004DDC1E /* Mockingbird in Frameworks */,
				B786FEF92B34A8D40023FFC0 /* FirebaseCrashlytics in Frameworks */,
				B77685E32B64150E00B31222 /* Cuckoo in Frameworks */,
				B786FEFB2B34A8D40023FFC0 /* FirebaseFirestore in Frameworks */,
				B786FEF52B34A8D40023FFC0 /* FirebaseAnalytics in Frameworks */,
				B7C270312B4C399100F448A1 /* GoogleSignInSwift in Frameworks */,
				5D0AB450D08E4620D9374C2A /* Pods_ProjectAPI.framework in Frameworks */,
			);
			runOnlyForDeploymentPostprocessing = 0;
		};
		B7C66D222B2BE85300C8580A /* Frameworks */ = {
			isa = PBXFrameworksBuildPhase;
			buildActionMask = 2147483647;
			files = (
				B772531A2B62C671005A1BC8 /* Cuckoo in Frameworks */,
				B7B692F82B55B3E4004D9059 /* Nimble in Frameworks */,
				B7B692F52B55B3C2004D9059 /* Quick in Frameworks */,
				B78BDC642B754B2600C96C74 /* CwlCatchException in Frameworks */,
				B7CC0EDC2B602B4200A650BF /* ViewInspector in Frameworks */,
				34A3680E49F62DA0721E9321 /* Pods_ProjectAPITests.framework in Frameworks */,
				B76581FB2B75481100D1AFF1 /* SnapshotTesting in Frameworks */,
				B76581F92B75481100D1AFF1 /* InlineSnapshotTesting in Frameworks */,
				B75DF2FD2B7545A900682305 /* Nimble-Snapshots in Frameworks */,
			);
			runOnlyForDeploymentPostprocessing = 0;
		};
		B7C66D2C2B2BE85300C8580A /* Frameworks */ = {
			isa = PBXFrameworksBuildPhase;
			buildActionMask = 2147483647;
			files = (
				B75F12602B729D7A00B5125A /* FirebaseMessaging in Frameworks */,
				B74062092B6C7C3100D02CAF /* Quick in Frameworks */,
				B75DF2F22B743EA300682305 /* InlineSnapshotTesting in Frameworks */,
				B7C69BEF2B71A19100E5D36B /* FirebaseAuth in Frameworks */,
				B740620B2B6C7C3E00D02CAF /* Nimble in Frameworks */,
				B74062072B6C7C1F00D02CAF /* Cuckoo in Frameworks */,
				B75DF2F42B743EA300682305 /* SnapshotTesting in Frameworks */,
				9A6DB9A4E232AC9882460D27 /* Pods_ProjectAPI_ProjectAPIUITests.framework in Frameworks */,
				B75F12622B729D8E00B5125A /* GoogleSignIn in Frameworks */,
			);
			runOnlyForDeploymentPostprocessing = 0;
		};
/* End PBXFrameworksBuildPhase section */

/* Begin PBXGroup section */
		1EC547DD947F3243729198DA /* Pods */ = {
			isa = PBXGroup;
			children = (
				1E2E31276D0D72F4B00AC00C /* Pods-ProjectAPI.debug.xcconfig */,
				A98527571DFBB7C045B611BB /* Pods-ProjectAPI.release.xcconfig */,
				70FFBE31541E92960AE0974E /* Pods-ProjectAPI-ProjectAPIUITests.debug.xcconfig */,
				148A83AE3C9672381B5D2594 /* Pods-ProjectAPI-ProjectAPIUITests.release.xcconfig */,
				B688C357B8661A20D09F570E /* Pods-ProjectAPITests.debug.xcconfig */,
				DAB35A9A240002917BDDEFE0 /* Pods-ProjectAPITests.release.xcconfig */,
				0071CB5C39427FE8F5A3B524 /* Pods-ProjectAPI.uitest.xcconfig */,
				B94E01DED9D48089A389DF89 /* Pods-ProjectAPI-ProjectAPIUITests.uitest.xcconfig */,
				565E3E17A655A5BF85A7137B /* Pods-ProjectAPITests.uitest.xcconfig */,
			);
			path = Pods;
			sourceTree = "<group>";
		};
		82664D0A7F6D9FC60E996999 /* Frameworks */ = {
			isa = PBXGroup;
			children = (
				B7BEED782B5ECDB800BA2333 /* XCTest.framework */,
				60C6A489EA0AE177BDB4C2FF /* Pods_ProjectAPI.framework */,
				485B9D5DFDDDA365458FDD29 /* Pods_ProjectAPI_ProjectAPIUITests.framework */,
				F304CF6CE6E404E0716F2B92 /* Pods_ProjectAPITests.framework */,
			);
			name = Frameworks;
			sourceTree = "<group>";
		};
		B71896332B6022FE009540F0 /* NavigationTests */ = {
			isa = PBXGroup;
			children = (
				B71896342B602314009540F0 /* RouteTests.swift */,
				B7CC0EDD2B6030CC00A650BF /* NavigationRouterTests.swift */,
				B7CC0EDF2B6032AE00A650BF /* RouteFinderTests.swift */,
			);
			path = NavigationTests;
			sourceTree = "<group>";
		};
		B7412C572B3B3301006E92A4 /* Navigation */ = {
			isa = PBXGroup;
			children = (
				B7412C552B3B3034006E92A4 /* Route.swift */,
				B7412C582B3B3336006E92A4 /* NavigationRouter.swift */,
				B7412C5C2B3C86CD006E92A4 /* RouteFinder.swift */,
			);
			path = Navigation;
			sourceTree = "<group>";
		};
		B75BB7962B5AC091004DDC1E /* ViewModelTests */ = {
			isa = PBXGroup;
			children = (
				B75BB7972B5AC0B7004DDC1E /* RepositoriesViewModelTests.swift */,
				B71896312B601D33009540F0 /* HarryPotterViewModelTests.swift */,
			);
			path = ViewModelTests;
			sourceTree = "<group>";
		};
		B75BB7992B5AC60E004DDC1E /* ExtensionsTests */ = {
			isa = PBXGroup;
			children = (
				B75BB79A2B5AD82F004DDC1E /* URLExtensionsTests.swift */,
			);
			path = ExtensionsTests;
			sourceTree = "<group>";
		};
		B75DF2F82B75428D00682305 /* SnapshotTesting */ = {
			isa = PBXGroup;
			children = (
				B75DF2F92B7542C800682305 /* ViewControllerSnapshotTests.swift */,
			);
			path = SnapshotTesting;
			sourceTree = "<group>";
		};
		B7B692F92B55B410004D9059 /* ModelTests */ = {
			isa = PBXGroup;
			children = (
				B7B692FA2B55B44D004D9059 /* RepositoryTests.swift */,
				B7B692FC2B55B47F004D9059 /* HarryPotterTests.swift */,
			);
			path = ModelTests;
			sourceTree = "<group>";
		};
		B7B693022B5848CB004D9059 /* ServicesTests */ = {
			isa = PBXGroup;
			children = (
				B7B6930F2B599A82004D9059 /* APIServiceTests.swift */,
				B75BB79E2B5B09A3004DDC1E /* AnalyticsServiceTests.swift */,
				B7CC0EE12B6179E100A650BF /* NotificationServiceTests.swift */,
				B7CC0EE32B62C14100A650BF /* LoginServiceTests.swift */,
			);
			path = ServicesTests;
			sourceTree = "<group>";
		};
		B7B693112B59ADB3004D9059 /* Extensions */ = {
			isa = PBXGroup;
			children = (
				B7B693122B59ADF1004D9059 /* URLExtensions.swift */,
			);
			path = Extensions;
			sourceTree = "<group>";
		};
		B7C66D0C2B2BE85000C8580A = {
			isa = PBXGroup;
			children = (
				B75F12642B72B31C00B5125A /* Info.plist */,
				B7C66D172B2BE85000C8580A /* ProjectAPI */,
				B7C66D282B2BE85300C8580A /* ProjectAPITests */,
				B7C66D322B2BE85300C8580A /* ProjectAPIUITests */,
				B7C66D162B2BE85000C8580A /* Products */,
				1EC547DD947F3243729198DA /* Pods */,
				82664D0A7F6D9FC60E996999 /* Frameworks */,
			);
			sourceTree = "<group>";
		};
		B7C66D162B2BE85000C8580A /* Products */ = {
			isa = PBXGroup;
			children = (
				B7C66D152B2BE85000C8580A /* ProjectAPI.app */,
				B7C66D252B2BE85300C8580A /* ProjectAPITests.xctest */,
				B7C66D2F2B2BE85300C8580A /* ProjectAPIUITests.xctest */,
			);
			name = Products;
			sourceTree = "<group>";
		};
		B7C66D172B2BE85000C8580A /* ProjectAPI */ = {
			isa = PBXGroup;
			children = (
				B73F98A52B6C34F60050136B /* GoogleService-Info.plist */,
				B74EBD8B2B34E7A800F8F9F1 /* AppDelegate.swift */,
				B7B693112B59ADB3004D9059 /* Extensions */,
				B7412C572B3B3301006E92A4 /* Navigation */,
				B7C66D532B2BEBEB00C8580A /* Services */,
				B7C66D4E2B2BE98C00C8580A /* Model */,
				B7C66D4B2B2BE96000C8580A /* ViewModel */,
				B7C66D422B2BE8BC00C8580A /* ViewController */,
				B7C66D1E2B2BE85300C8580A /* Preview Content */,
			);
			path = ProjectAPI;
			sourceTree = "<group>";
		};
		B7C66D1E2B2BE85300C8580A /* Preview Content */ = {
			isa = PBXGroup;
			children = (
				B7C66D1F2B2BE85300C8580A /* Preview Assets.xcassets */,
			);
			path = "Preview Content";
			sourceTree = "<group>";
		};
		B7C66D282B2BE85300C8580A /* ProjectAPITests */ = {
			isa = PBXGroup;
			children = (
				B75DF2F82B75428D00682305 /* SnapshotTesting */,
				B71896332B6022FE009540F0 /* NavigationTests */,
				B75BB7992B5AC60E004DDC1E /* ExtensionsTests */,
				B75BB7962B5AC091004DDC1E /* ViewModelTests */,
				B7B693022B5848CB004D9059 /* ServicesTests */,
				B7B692F92B55B410004D9059 /* ModelTests */,
				B7BF58E22B6A9ABB001A77D5 /* GeneratedMocks.swift */,
			);
			path = ProjectAPITests;
			sourceTree = "<group>";
		};
		B7C66D322B2BE85300C8580A /* ProjectAPIUITests */ = {
			isa = PBXGroup;
			children = (
				B7C69BEC2B719CCA00E5D36B /* Config.xcconfig */,
				B7B26EF62B73F57B00DC32F8 /* Info.plist */,
				B71DABD62B6C83BC00C80EEB /* GitHubUITests.swift */,
				B71DABD42B6C839E00C80EEB /* HarryPotterUITests.swift */,
				B71DABD82B6C842E00C80EEB /* NotificationUITests.swift */,
				B71DABDA2B6C845700C80EEB /* LoginUITests.swift */,
				B71DABDC2B6D2F0100C80EEB /* PerformanceUITests.swift */,
			);
			path = ProjectAPIUITests;
			sourceTree = "<group>";
		};
		B7C66D422B2BE8BC00C8580A /* ViewController */ = {
			isa = PBXGroup;
			children = (
				B7C66D432B2BE8D300C8580A /* ListRepositoriesView.swift */,
				B7C66D582B2BEF7500C8580A /* ListHarryPotterView.swift */,
				B7C66D472B2BE91500C8580A /* AccountView.swift */,
				B7C66D5A2B2C976C00C8580A /* CharacterView.swift */,
				B74EBD8F2B36336200F8F9F1 /* NotificationView.swift */,
				B7C270342B4C479200F448A1 /* LoginView.swift */,
				B7412C5A2B3C56DA006E92A4 /* ContentView.swift */,
				B7C66D492B2BE92400C8580A /* MainView.swift */,
				B7C66D1C2B2BE85300C8580A /* Assets.xcassets */,
			);
			path = ViewController;
			sourceTree = "<group>";
		};
		B7C66D4B2B2BE96000C8580A /* ViewModel */ = {
			isa = PBXGroup;
			children = (
				B77C5FD12B5ED2AD0097ACB7 /* ViewModelProtocol.swift */,
				B7C66D4C2B2BE97F00C8580A /* RepositoriesViewModel.swift */,
				B7C66D562B2BECE300C8580A /* HarryPotterViewModel.swift */,
			);
			path = ViewModel;
			sourceTree = "<group>";
		};
		B7C66D4E2B2BE98C00C8580A /* Model */ = {
			isa = PBXGroup;
			children = (
				B7C66D4F2B2BE99F00C8580A /* Repository.swift */,
				B7C66D512B2BEAE000C8580A /* HarryPotter.swift */,
			);
			path = Model;
			sourceTree = "<group>";
		};
		B7C66D532B2BEBEB00C8580A /* Services */ = {
			isa = PBXGroup;
			children = (
				B7C66D542B2BEBFD00C8580A /* APIService.swift */,
				B79D4D862B3217F700ECE644 /* AnalyticsService.swift */,
				B74EBD8D2B36315600F8F9F1 /* NotificationService.swift */,
				B7C270362B4D6FBB00F448A1 /* LoginService.swift */,
			);
			path = Services;
			sourceTree = "<group>";
		};
/* End PBXGroup section */

/* Begin PBXNativeTarget section */
		B7C66D142B2BE85000C8580A /* ProjectAPI */ = {
			isa = PBXNativeTarget;
			buildConfigurationList = B7C66D392B2BE85300C8580A /* Build configuration list for PBXNativeTarget "ProjectAPI" */;
			buildPhases = (
				B3832005463010D57386D944 /* [CP] Check Pods Manifest.lock */,
				B7F6B7AD2B6C361400B96547 /* ShellScript */,
				B7C66D122B2BE85000C8580A /* Frameworks */,
				B7C66D112B2BE85000C8580A /* Sources */,
				B79D4D882B3349AD00ECE644 /* ShellScript */,
				B7C66D132B2BE85000C8580A /* Resources */,
				AE9922584D49F5537C139AF9 /* [CP] Embed Pods Frameworks */,
			);
			buildRules = (
				B74C84172B4F04B0007B8790 /* PBXBuildRule */,
				B74C84162B4F04AF007B8790 /* PBXBuildRule */,
			);
			dependencies = (
			);
			name = ProjectAPI;
			packageProductDependencies = (
				B7A262DB2B34A1D1009BF461 /* FirebaseCrashlytics */,
				B7A262DD2B34A1D1009BF461 /* FirebaseMessaging */,
				B786FEF42B34A8D40023FFC0 /* FirebaseAnalytics */,
				B786FEF62B34A8D40023FFC0 /* FirebaseAuth */,
				B786FEF82B34A8D40023FFC0 /* FirebaseCrashlytics */,
				B786FEFA2B34A8D40023FFC0 /* FirebaseFirestore */,
				B786FEFC2B34A8D40023FFC0 /* FirebaseMessaging */,
				B786FEFE2B34A8D40023FFC0 /* FirebasePerformance */,
				B7C2702B2B4C361E00F448A1 /* FirebaseAuthCombine-Community */,
				B7C2702E2B4C399100F448A1 /* GoogleSignIn */,
				B7C270302B4C399100F448A1 /* GoogleSignInSwift */,
				B75BB7A12B5EBE48004DDC1E /* Mockingbird */,
				B7CC0ED92B602B3100A650BF /* ViewInspector */,
				B77685E22B64150E00B31222 /* Cuckoo */,
				B754835A2B6C5035002B6C74 /* AsyncAlgorithms */,
				B78BDC612B754B1A00C96C74 /* CwlCatchException */,
			);
			productName = ProjectAPI;
			productReference = B7C66D152B2BE85000C8580A /* ProjectAPI.app */;
			productType = "com.apple.product-type.application";
		};
		B7C66D242B2BE85300C8580A /* ProjectAPITests */ = {
			isa = PBXNativeTarget;
			buildConfigurationList = B7C66D3C2B2BE85300C8580A /* Build configuration list for PBXNativeTarget "ProjectAPITests" */;
			buildPhases = (
				8C8A4150864A4EB65D11C5F3 /* [CP] Check Pods Manifest.lock */,
				B7C66D222B2BE85300C8580A /* Frameworks */,
				B7C66D212B2BE85300C8580A /* Sources */,
				B7C66D232B2BE85300C8580A /* Resources */,
				B8E7E46E13788FB14094997F /* [CP] Embed Pods Frameworks */,
				B74062052B6C7BAE00D02CAF /* Embed Frameworks */,
			);
			buildRules = (
			);
			dependencies = (
				B7C66D272B2BE85300C8580A /* PBXTargetDependency */,
			);
			name = ProjectAPITests;
			packageProductDependencies = (
				B7B692F42B55B3C2004D9059 /* Quick */,
				B7B692F72B55B3E4004D9059 /* Nimble */,
				B7CC0EDB2B602B4200A650BF /* ViewInspector */,
				B77253192B62C671005A1BC8 /* Cuckoo */,
				B75DF2FC2B7545A900682305 /* Nimble-Snapshots */,
				B76581F82B75481100D1AFF1 /* InlineSnapshotTesting */,
				B76581FA2B75481100D1AFF1 /* SnapshotTesting */,
				B78BDC632B754B2600C96C74 /* CwlCatchException */,
			);
			productName = ProjectAPITests;
			productReference = B7C66D252B2BE85300C8580A /* ProjectAPITests.xctest */;
			productType = "com.apple.product-type.bundle.unit-test";
		};
		B7C66D2E2B2BE85300C8580A /* ProjectAPIUITests */ = {
			isa = PBXNativeTarget;
			buildConfigurationList = B7C66D3F2B2BE85300C8580A /* Build configuration list for PBXNativeTarget "ProjectAPIUITests" */;
			buildPhases = (
				F2E33E6314A09E5C7AAE82E1 /* [CP] Check Pods Manifest.lock */,
				B7C66D2C2B2BE85300C8580A /* Frameworks */,
				B7C66D2B2B2BE85300C8580A /* Sources */,
				B7C66D2D2B2BE85300C8580A /* Resources */,
				18ACA5809CC1E87C80247076 /* [CP] Embed Pods Frameworks */,
			);
			buildRules = (
			);
			dependencies = (
				B7C66D312B2BE85300C8580A /* PBXTargetDependency */,
			);
			name = ProjectAPIUITests;
			packageProductDependencies = (
				B74062062B6C7C1F00D02CAF /* Cuckoo */,
				B74062082B6C7C3100D02CAF /* Quick */,
				B740620A2B6C7C3E00D02CAF /* Nimble */,
				B7C69BEE2B71A19100E5D36B /* FirebaseAuth */,
				B75F125F2B729D7A00B5125A /* FirebaseMessaging */,
				B75F12612B729D8E00B5125A /* GoogleSignIn */,
				B75DF2F12B743EA300682305 /* InlineSnapshotTesting */,
				B75DF2F32B743EA300682305 /* SnapshotTesting */,
			);
			productName = ProjectAPIUITests;
			productReference = B7C66D2F2B2BE85300C8580A /* ProjectAPIUITests.xctest */;
			productType = "com.apple.product-type.bundle.ui-testing";
		};
/* End PBXNativeTarget section */

/* Begin PBXProject section */
		B7C66D0D2B2BE85000C8580A /* Project object */ = {
			isa = PBXProject;
			attributes = {
				BuildIndependentTargetsInParallel = 1;
				LastSwiftUpdateCheck = 1510;
				LastUpgradeCheck = 1510;
				TargetAttributes = {
					B7C66D142B2BE85000C8580A = {
						CreatedOnToolsVersion = 15.1;
					};
					B7C66D242B2BE85300C8580A = {
						CreatedOnToolsVersion = 15.1;
						LastSwiftMigration = 1510;
						TestTargetID = B7C66D142B2BE85000C8580A;
					};
					B7C66D2E2B2BE85300C8580A = {
						CreatedOnToolsVersion = 15.1;
						TestTargetID = B7C66D142B2BE85000C8580A;
					};
				};
			};
			buildConfigurationList = B7C66D102B2BE85000C8580A /* Build configuration list for PBXProject "ProjectAPI" */;
			compatibilityVersion = "Xcode 14.0";
			developmentRegion = en;
			hasScannedForEncodings = 0;
			knownRegions = (
				en,
				Base,
			);
			mainGroup = B7C66D0C2B2BE85000C8580A;
			packageReferences = (
				B786FEF32B34A8D40023FFC0 /* XCRemoteSwiftPackageReference "firebase-ios-sdk" */,
				B7C2702D2B4C399100F448A1 /* XCRemoteSwiftPackageReference "GoogleSignIn-iOS" */,
				B7B692F32B55B3C2004D9059 /* XCRemoteSwiftPackageReference "Quick" */,
				B7B692F62B55B3E4004D9059 /* XCRemoteSwiftPackageReference "Nimble" */,
				B75BB7A02B5EBE48004DDC1E /* XCRemoteSwiftPackageReference "mockingbird" */,
				B7CC0ED82B602B3100A650BF /* XCRemoteSwiftPackageReference "ViewInspector" */,
				B77253182B62C670005A1BC8 /* XCRemoteSwiftPackageReference "Cuckoo" */,
				B75483592B6C5035002B6C74 /* XCRemoteSwiftPackageReference "swift-async-algorithms" */,
				B75DF2F02B743EA300682305 /* XCRemoteSwiftPackageReference "swift-snapshot-testing" */,
				B75DF2FB2B7545A800682305 /* XCRemoteSwiftPackageReference "Nimble-Snapshots" */,
				B78BDC602B754B1A00C96C74 /* XCRemoteSwiftPackageReference "CwlCatchException" */,
			);
			productRefGroup = B7C66D162B2BE85000C8580A /* Products */;
			projectDirPath = "";
			projectRoot = "";
			targets = (
				B7C66D142B2BE85000C8580A /* ProjectAPI */,
				B7C66D242B2BE85300C8580A /* ProjectAPITests */,
				B7C66D2E2B2BE85300C8580A /* ProjectAPIUITests */,
			);
		};
/* End PBXProject section */

/* Begin PBXResourcesBuildPhase section */
		B7C66D132B2BE85000C8580A /* Resources */ = {
			isa = PBXResourcesBuildPhase;
			buildActionMask = 2147483647;
			files = (
				B7C66D202B2BE85300C8580A /* Preview Assets.xcassets in Resources */,
				B78BDC652B754F3D00C96C74 /* Config.xcconfig in Resources */,
				B7C66D1D2B2BE85300C8580A /* Assets.xcassets in Resources */,
			);
			runOnlyForDeploymentPostprocessing = 0;
		};
		B7C66D232B2BE85300C8580A /* Resources */ = {
			isa = PBXResourcesBuildPhase;
			buildActionMask = 2147483647;
			files = (
				B78BDC662B754F3E00C96C74 /* Config.xcconfig in Resources */,
			);
			runOnlyForDeploymentPostprocessing = 0;
		};
		B7C66D2D2B2BE85300C8580A /* Resources */ = {
			isa = PBXResourcesBuildPhase;
			buildActionMask = 2147483647;
			files = (
				B78BDC672B754F3F00C96C74 /* Config.xcconfig in Resources */,
			);
			runOnlyForDeploymentPostprocessing = 0;
		};
/* End PBXResourcesBuildPhase section */

/* Begin PBXShellScriptBuildPhase section */
		18ACA5809CC1E87C80247076 /* [CP] Embed Pods Frameworks */ = {
			isa = PBXShellScriptBuildPhase;
			buildActionMask = 2147483647;
			files = (
			);
			inputFileListPaths = (
				"${PODS_ROOT}/Target Support Files/Pods-ProjectAPI-ProjectAPIUITests/Pods-ProjectAPI-ProjectAPIUITests-frameworks-${CONFIGURATION}-input-files.xcfilelist",
			);
			name = "[CP] Embed Pods Frameworks";
			outputFileListPaths = (
				"${PODS_ROOT}/Target Support Files/Pods-ProjectAPI-ProjectAPIUITests/Pods-ProjectAPI-ProjectAPIUITests-frameworks-${CONFIGURATION}-output-files.xcfilelist",
			);
			runOnlyForDeploymentPostprocessing = 0;
			shellPath = /bin/sh;
			shellScript = "\"${PODS_ROOT}/Target Support Files/Pods-ProjectAPI-ProjectAPIUITests/Pods-ProjectAPI-ProjectAPIUITests-frameworks.sh\"\n";
			showEnvVarsInLog = 0;
		};
		8C8A4150864A4EB65D11C5F3 /* [CP] Check Pods Manifest.lock */ = {
			isa = PBXShellScriptBuildPhase;
			buildActionMask = 2147483647;
			files = (
			);
			inputFileListPaths = (
			);
			inputPaths = (
				"${PODS_PODFILE_DIR_PATH}/Podfile.lock",
				"${PODS_ROOT}/Manifest.lock",
			);
			name = "[CP] Check Pods Manifest.lock";
			outputFileListPaths = (
			);
			outputPaths = (
				"$(DERIVED_FILE_DIR)/Pods-ProjectAPITests-checkManifestLockResult.txt",
			);
			runOnlyForDeploymentPostprocessing = 0;
			shellPath = /bin/sh;
			shellScript = "diff \"${PODS_PODFILE_DIR_PATH}/Podfile.lock\" \"${PODS_ROOT}/Manifest.lock\" > /dev/null\nif [ $? != 0 ] ; then\n    # print error to STDERR\n    echo \"error: The sandbox is not in sync with the Podfile.lock. Run 'pod install' or update your CocoaPods installation.\" >&2\n    exit 1\nfi\n# This output is used by Xcode 'outputs' to avoid re-running this script phase.\necho \"SUCCESS\" > \"${SCRIPT_OUTPUT_FILE_0}\"\n";
			showEnvVarsInLog = 0;
		};
		AE9922584D49F5537C139AF9 /* [CP] Embed Pods Frameworks */ = {
			isa = PBXShellScriptBuildPhase;
			buildActionMask = 2147483647;
			files = (
			);
			inputFileListPaths = (
				"${PODS_ROOT}/Target Support Files/Pods-ProjectAPI/Pods-ProjectAPI-frameworks-${CONFIGURATION}-input-files.xcfilelist",
			);
			name = "[CP] Embed Pods Frameworks";
			outputFileListPaths = (
				"${PODS_ROOT}/Target Support Files/Pods-ProjectAPI/Pods-ProjectAPI-frameworks-${CONFIGURATION}-output-files.xcfilelist",
			);
			runOnlyForDeploymentPostprocessing = 0;
			shellPath = /bin/sh;
			shellScript = "\"${PODS_ROOT}/Target Support Files/Pods-ProjectAPI/Pods-ProjectAPI-frameworks.sh\"\n";
			showEnvVarsInLog = 0;
		};
		B3832005463010D57386D944 /* [CP] Check Pods Manifest.lock */ = {
			isa = PBXShellScriptBuildPhase;
			buildActionMask = 2147483647;
			files = (
			);
			inputFileListPaths = (
			);
			inputPaths = (
				"${PODS_PODFILE_DIR_PATH}/Podfile.lock",
				"${PODS_ROOT}/Manifest.lock",
			);
			name = "[CP] Check Pods Manifest.lock";
			outputFileListPaths = (
			);
			outputPaths = (
				"$(DERIVED_FILE_DIR)/Pods-ProjectAPI-checkManifestLockResult.txt",
			);
			runOnlyForDeploymentPostprocessing = 0;
			shellPath = /bin/sh;
			shellScript = "diff \"${PODS_PODFILE_DIR_PATH}/Podfile.lock\" \"${PODS_ROOT}/Manifest.lock\" > /dev/null\nif [ $? != 0 ] ; then\n    # print error to STDERR\n    echo \"error: The sandbox is not in sync with the Podfile.lock. Run 'pod install' or update your CocoaPods installation.\" >&2\n    exit 1\nfi\n# This output is used by Xcode 'outputs' to avoid re-running this script phase.\necho \"SUCCESS\" > \"${SCRIPT_OUTPUT_FILE_0}\"\n";
			showEnvVarsInLog = 0;
		};
		B79D4D882B3349AD00ECE644 /* ShellScript */ = {
			isa = PBXShellScriptBuildPhase;
			buildActionMask = 2147483647;
			files = (
			);
			inputFileListPaths = (
			);
			inputPaths = (
				"${DWARF_DSYM_FOLDER_PATH}/${DWARF_DSYM_FILE_NAME}/Contents/Resources/DWARF/${TARGET_NAME}",
				"$(SRCROOT)/$(BUILT_PRODUCTS_DIR)/$(INFOPLIST_PATH)",
			);
			outputFileListPaths = (
			);
			outputPaths = (
			);
			runOnlyForDeploymentPostprocessing = 0;
			shellPath = /bin/sh;
			shellScript = "\"${BUILD_DIR%/Build/*}/SourcePackages/checkouts/firebase-ios-sdk/Crashlytics/run\"\n";
		};
		B7F6B7AD2B6C361400B96547 /* ShellScript */ = {
			isa = PBXShellScriptBuildPhase;
			buildActionMask = 2147483647;
			files = (
			);
			inputFileListPaths = (
			);
			inputPaths = (
			);
			outputFileListPaths = (
			);
			outputPaths = (
			);
			runOnlyForDeploymentPostprocessing = 0;
			shellPath = /bin/sh;
			shellScript = "if [ \"${CONFIGURATION}\" == \"Release\" ] || [ \"${CONFIGURATION}\" == \"Debug\" ] || [ \"${CONFIGURATION}\" == \"UITEST\" ]; then\n    cp -r \"${PROJECT_DIR}/Firebase/prod/GoogleService-Info.plist\" \"${PROJECT_DIR}/Runner/GoogleService-Info.plist\"\n    echo \"Production plist copied\"\nelif [ \"${CONFIGURATION}\" == \"Debug-prod\" ] || [ \"${CONFIGURATION}\" == \"Release-prod\" ]; then\n    cp -r \"${PROJECT_DIR}/Firebase/prod/GoogleService-Info.plist\" \"${PROJECT_DIR}/Runner/GoogleService-Info.plist\"\n    echo \"Production plist copied\"\nelif [ \"${CONFIGURATION}\" == \"Debug-dev\" ] || [ \"${CONFIGURATION}\" == \"Release-dev\" ]; then\n    cp -r \"${PROJECT_DIR}/Firebase/dev/GoogleService-Info.plist\" \"${PROJECT_DIR}/Runner/GoogleService-Info.plist\"\n    echo \"Development plist copied\"\nelse\n    echo \"Configuration not recognized. No plist copied.\"\nfi\n";
		};
		B8E7E46E13788FB14094997F /* [CP] Embed Pods Frameworks */ = {
			isa = PBXShellScriptBuildPhase;
			buildActionMask = 2147483647;
			files = (
			);
			inputFileListPaths = (
				"${PODS_ROOT}/Target Support Files/Pods-ProjectAPITests/Pods-ProjectAPITests-frameworks-${CONFIGURATION}-input-files.xcfilelist",
			);
			name = "[CP] Embed Pods Frameworks";
			outputFileListPaths = (
				"${PODS_ROOT}/Target Support Files/Pods-ProjectAPITests/Pods-ProjectAPITests-frameworks-${CONFIGURATION}-output-files.xcfilelist",
			);
			runOnlyForDeploymentPostprocessing = 0;
			shellPath = /bin/sh;
			shellScript = "\"${PODS_ROOT}/Target Support Files/Pods-ProjectAPITests/Pods-ProjectAPITests-frameworks.sh\"\n";
			showEnvVarsInLog = 0;
		};
		F2E33E6314A09E5C7AAE82E1 /* [CP] Check Pods Manifest.lock */ = {
			isa = PBXShellScriptBuildPhase;
			buildActionMask = 2147483647;
			files = (
			);
			inputFileListPaths = (
			);
			inputPaths = (
				"${PODS_PODFILE_DIR_PATH}/Podfile.lock",
				"${PODS_ROOT}/Manifest.lock",
			);
			name = "[CP] Check Pods Manifest.lock";
			outputFileListPaths = (
			);
			outputPaths = (
				"$(DERIVED_FILE_DIR)/Pods-ProjectAPI-ProjectAPIUITests-checkManifestLockResult.txt",
			);
			runOnlyForDeploymentPostprocessing = 0;
			shellPath = /bin/sh;
			shellScript = "diff \"${PODS_PODFILE_DIR_PATH}/Podfile.lock\" \"${PODS_ROOT}/Manifest.lock\" > /dev/null\nif [ $? != 0 ] ; then\n    # print error to STDERR\n    echo \"error: The sandbox is not in sync with the Podfile.lock. Run 'pod install' or update your CocoaPods installation.\" >&2\n    exit 1\nfi\n# This output is used by Xcode 'outputs' to avoid re-running this script phase.\necho \"SUCCESS\" > \"${SCRIPT_OUTPUT_FILE_0}\"\n";
			showEnvVarsInLog = 0;
		};
/* End PBXShellScriptBuildPhase section */

/* Begin PBXSourcesBuildPhase section */
		B7C66D112B2BE85000C8580A /* Sources */ = {
			isa = PBXSourcesBuildPhase;
			buildActionMask = 2147483647;
			files = (
				B7F6B7AE2B6C39D800B96547 /* GoogleService-Info.plist in Sources */,
				B7B41BCE2B6B1EAF00A1ABC4 /* AppDelegate.swift in Sources */,
				B7B41BE32B6B1EE900A1ABC4 /* MainView.swift in Sources */,
				B7B41BE22B6B1EE600A1ABC4 /* ContentView.swift in Sources */,
				B7B41BE12B6B1EE400A1ABC4 /* LoginView.swift in Sources */,
				B7B41BE02B6B1EE100A1ABC4 /* CharacterView.swift in Sources */,
				B7B41BDF2B6B1EDE00A1ABC4 /* NotificationView.swift in Sources */,
				B7B41BDE2B6B1EDC00A1ABC4 /* AccountView.swift in Sources */,
				B7B41BDD2B6B1EDA00A1ABC4 /* ListHarryPotterView.swift in Sources */,
				B7B41BDC2B6B1ED700A1ABC4 /* ListRepositoriesView.swift in Sources */,
				B7B41BDB2B6B1ED500A1ABC4 /* HarryPotterViewModel.swift in Sources */,
				B7B41BDA2B6B1ED200A1ABC4 /* RepositoriesViewModel.swift in Sources */,
				B7B41BD92B6B1ED000A1ABC4 /* ViewModelProtocol.swift in Sources */,
				B7B41BD82B6B1ECD00A1ABC4 /* HarryPotter.swift in Sources */,
				B7B41BD72B6B1ECB00A1ABC4 /* Repository.swift in Sources */,
				B7B41BD62B6B1EC800A1ABC4 /* NotificationService.swift in Sources */,
				B7B41BD52B6B1EC400A1ABC4 /* LoginService.swift in Sources */,
				B7B41BD42B6B1EC200A1ABC4 /* APIService.swift in Sources */,
				B7B41BD32B6B1EC000A1ABC4 /* AnalyticsService.swift in Sources */,
				B7B41BD22B6B1EBD00A1ABC4 /* RouteFinder.swift in Sources */,
				B7B41BD12B6B1EB900A1ABC4 /* NavigationRouter.swift in Sources */,
				B7B41BD02B6B1EB600A1ABC4 /* Route.swift in Sources */,
				B7B41BCF2B6B1EB300A1ABC4 /* URLExtensions.swift in Sources */,
			);
			runOnlyForDeploymentPostprocessing = 0;
		};
		B7C66D212B2BE85300C8580A /* Sources */ = {
			isa = PBXSourcesBuildPhase;
			buildActionMask = 2147483647;
			files = (
				B75BB79B2B5AD82F004DDC1E /* URLExtensionsTests.swift in Sources */,
				B7CC0EE02B6032AE00A650BF /* RouteFinderTests.swift in Sources */,
				B75DF2FA2B7542C800682305 /* ViewControllerSnapshotTests.swift in Sources */,
				B71896322B601D33009540F0 /* HarryPotterViewModelTests.swift in Sources */,
				B7CC0EE42B62C14100A650BF /* LoginServiceTests.swift in Sources */,
				B75BB7982B5AC0B7004DDC1E /* RepositoriesViewModelTests.swift in Sources */,
				B7B692FD2B55B47F004D9059 /* HarryPotterTests.swift in Sources */,
				B7B692FB2B55B44D004D9059 /* RepositoryTests.swift in Sources */,
				B7BF58E32B6A9ABB001A77D5 /* GeneratedMocks.swift in Sources */,
				B71896352B602314009540F0 /* RouteTests.swift in Sources */,
				B7CC0EE22B6179E100A650BF /* NotificationServiceTests.swift in Sources */,
				B75BB79F2B5B09A3004DDC1E /* AnalyticsServiceTests.swift in Sources */,
				B7B693102B599A82004D9059 /* APIServiceTests.swift in Sources */,
				B7CC0EDE2B6030CD00A650BF /* NavigationRouterTests.swift in Sources */,
			);
			runOnlyForDeploymentPostprocessing = 0;
		};
		B7C66D2B2B2BE85300C8580A /* Sources */ = {
			isa = PBXSourcesBuildPhase;
			buildActionMask = 2147483647;
			files = (
				B71DABDD2B6D2F0100C80EEB /* PerformanceUITests.swift in Sources */,
				B71DABD92B6C842E00C80EEB /* NotificationUITests.swift in Sources */,
				B71DABD72B6C83BC00C80EEB /* GitHubUITests.swift in Sources */,
				B71DABD52B6C839E00C80EEB /* HarryPotterUITests.swift in Sources */,
				B71DABDB2B6C845700C80EEB /* LoginUITests.swift in Sources */,
			);
			runOnlyForDeploymentPostprocessing = 0;
		};
/* End PBXSourcesBuildPhase section */

/* Begin PBXTargetDependency section */
		B7C66D272B2BE85300C8580A /* PBXTargetDependency */ = {
			isa = PBXTargetDependency;
			target = B7C66D142B2BE85000C8580A /* ProjectAPI */;
			targetProxy = B7C66D262B2BE85300C8580A /* PBXContainerItemProxy */;
		};
		B7C66D312B2BE85300C8580A /* PBXTargetDependency */ = {
			isa = PBXTargetDependency;
			target = B7C66D142B2BE85000C8580A /* ProjectAPI */;
			targetProxy = B7C66D302B2BE85300C8580A /* PBXContainerItemProxy */;
		};
/* End PBXTargetDependency section */

/* Begin XCBuildConfiguration section */
		B71DABDE2B71320B00C80EEB /* UITEST */ = {
			isa = XCBuildConfiguration;
			baseConfigurationReference = B7C69BEC2B719CCA00E5D36B /* Config.xcconfig */;
			buildSettings = {
				ALWAYS_SEARCH_USER_PATHS = NO;
				ASSETCATALOG_COMPILER_GENERATE_SWIFT_ASSET_SYMBOL_EXTENSIONS = YES;
				CLANG_ANALYZER_NONNULL = YES;
				CLANG_ANALYZER_NUMBER_OBJECT_CONVERSION = YES_AGGRESSIVE;
				CLANG_CXX_LANGUAGE_STANDARD = "gnu++20";
				CLANG_ENABLE_MODULES = YES;
				CLANG_ENABLE_OBJC_ARC = YES;
				CLANG_ENABLE_OBJC_WEAK = YES;
				CLANG_WARN_BLOCK_CAPTURE_AUTORELEASING = YES;
				CLANG_WARN_BOOL_CONVERSION = YES;
				CLANG_WARN_COMMA = YES;
				CLANG_WARN_CONSTANT_CONVERSION = YES;
				CLANG_WARN_DEPRECATED_OBJC_IMPLEMENTATIONS = YES;
				CLANG_WARN_DIRECT_OBJC_ISA_USAGE = YES_ERROR;
				CLANG_WARN_DOCUMENTATION_COMMENTS = YES;
				CLANG_WARN_EMPTY_BODY = YES;
				CLANG_WARN_ENUM_CONVERSION = YES;
				CLANG_WARN_INFINITE_RECURSION = YES;
				CLANG_WARN_INT_CONVERSION = YES;
				CLANG_WARN_NON_LITERAL_NULL_CONVERSION = YES;
				CLANG_WARN_OBJC_IMPLICIT_RETAIN_SELF = YES;
				CLANG_WARN_OBJC_LITERAL_CONVERSION = YES;
				CLANG_WARN_OBJC_ROOT_CLASS = YES_ERROR;
				CLANG_WARN_QUOTED_INCLUDE_IN_FRAMEWORK_HEADER = YES;
				CLANG_WARN_RANGE_LOOP_ANALYSIS = YES;
				CLANG_WARN_STRICT_PROTOTYPES = YES;
				CLANG_WARN_SUSPICIOUS_MOVE = YES;
				CLANG_WARN_UNGUARDED_AVAILABILITY = YES_AGGRESSIVE;
				CLANG_WARN_UNREACHABLE_CODE = YES;
				CLANG_WARN__DUPLICATE_METHOD_MATCH = YES;
				COPY_PHASE_STRIP = NO;
				DEBUG_INFORMATION_FORMAT = dwarf;
				ENABLE_STRICT_OBJC_MSGSEND = YES;
				ENABLE_TESTABILITY = YES;
				ENABLE_USER_SCRIPT_SANDBOXING = NO;
				GCC_C_LANGUAGE_STANDARD = gnu17;
				GCC_DYNAMIC_NO_PIC = NO;
				GCC_NO_COMMON_BLOCKS = YES;
				GCC_OPTIMIZATION_LEVEL = 0;
				GCC_PREPROCESSOR_DEFINITIONS = (
					"DEBUG=1",
					"$(inherited)",
				);
				GCC_WARN_64_TO_32_BIT_CONVERSION = YES;
				GCC_WARN_ABOUT_RETURN_TYPE = YES_ERROR;
				GCC_WARN_UNDECLARED_SELECTOR = YES;
				GCC_WARN_UNINITIALIZED_AUTOS = YES_AGGRESSIVE;
				GCC_WARN_UNUSED_FUNCTION = YES;
				GCC_WARN_UNUSED_VARIABLE = YES;
				IPHONEOS_DEPLOYMENT_TARGET = 17.2;
				LOCALIZATION_PREFERS_STRING_CATALOGS = YES;
				MTL_ENABLE_DEBUG_INFO = INCLUDE_SOURCE;
				MTL_FAST_MATH = YES;
				ONLY_ACTIVE_ARCH = YES;
				SDKROOT = iphoneos;
				SWIFT_ACTIVE_COMPILATION_CONDITIONS = "DEBUG $(inherited)";
				"SWIFT_ACTIVE_COMPILATION_CONDITIONS[arch=*]" = "DEBUG UITEST";
				SWIFT_OPTIMIZATION_LEVEL = "-Onone";
			};
			name = UITEST;
		};
		B71DABDF2B71320B00C80EEB /* UITEST */ = {
			isa = XCBuildConfiguration;
			baseConfigurationReference = 0071CB5C39427FE8F5A3B524 /* Pods-ProjectAPI.uitest.xcconfig */;
			buildSettings = {
				ASSETCATALOG_COMPILER_APPICON_NAME = AppIcon;
				ASSETCATALOG_COMPILER_GLOBAL_ACCENT_COLOR_NAME = AccentColor;
				CODE_SIGN_STYLE = Automatic;
				CURRENT_PROJECT_VERSION = 1;
				DEBUG_INFORMATION_FORMAT = "dwarf-with-dsym";
				DEVELOPMENT_ASSET_PATHS = "\"ProjectAPI/Preview Content\"";
				DEVELOPMENT_TEAM = DG7F78X4FB;
				ENABLE_PREVIEWS = YES;
				GENERATE_INFOPLIST_FILE = YES;
				INFOPLIST_FILE = /Users/dtidigital/Documents/ProjectAPI/Info.plist;
				INFOPLIST_KEY_UIApplicationSceneManifest_Generation = YES;
				INFOPLIST_KEY_UIApplicationSupportsIndirectInputEvents = YES;
				INFOPLIST_KEY_UILaunchScreen_Generation = YES;
				INFOPLIST_KEY_UISupportedInterfaceOrientations_iPad = "UIInterfaceOrientationPortrait UIInterfaceOrientationPortraitUpsideDown UIInterfaceOrientationLandscapeLeft UIInterfaceOrientationLandscapeRight";
				INFOPLIST_KEY_UISupportedInterfaceOrientations_iPhone = "UIInterfaceOrientationPortrait UIInterfaceOrientationLandscapeLeft UIInterfaceOrientationLandscapeRight";
				LD_RUNPATH_SEARCH_PATHS = (
					"$(inherited)",
					"@executable_path/Frameworks",
				);
				MARKETING_VERSION = 1.0;
				PRODUCT_BUNDLE_IDENTIFIER = gabrielvargas.ProjectAPI;
				PRODUCT_NAME = "$(TARGET_NAME)";
				SWIFT_EMIT_LOC_STRINGS = YES;
				SWIFT_VERSION = 5.0;
				TARGETED_DEVICE_FAMILY = "1,2";
			};
			name = UITEST;
		};
		B71DABE02B71320B00C80EEB /* UITEST */ = {
			isa = XCBuildConfiguration;
			baseConfigurationReference = 565E3E17A655A5BF85A7137B /* Pods-ProjectAPITests.uitest.xcconfig */;
			buildSettings = {
				BUNDLE_LOADER = "$(TEST_HOST)";
				CLANG_ENABLE_MODULES = YES;
				CODE_SIGN_STYLE = Automatic;
				CURRENT_PROJECT_VERSION = 1;
				DEVELOPMENT_TEAM = DG7F78X4FB;
				GENERATE_INFOPLIST_FILE = YES;
				IPHONEOS_DEPLOYMENT_TARGET = 17.2;
				MARKETING_VERSION = 1.0;
				PRODUCT_BUNDLE_IDENTIFIER = gabrielvargas.ProjectAPITests;
				PRODUCT_NAME = "$(TARGET_NAME)";
				SWIFT_EMIT_LOC_STRINGS = NO;
				SWIFT_OPTIMIZATION_LEVEL = "-Onone";
				SWIFT_VERSION = 5.0;
				TARGETED_DEVICE_FAMILY = "1,2";
				TEST_HOST = "$(BUILT_PRODUCTS_DIR)/ProjectAPI.app/$(BUNDLE_EXECUTABLE_FOLDER_PATH)/ProjectAPI";
			};
			name = UITEST;
		};
		B71DABE12B71320B00C80EEB /* UITEST */ = {
			isa = XCBuildConfiguration;
			baseConfigurationReference = B94E01DED9D48089A389DF89 /* Pods-ProjectAPI-ProjectAPIUITests.uitest.xcconfig */;
			buildSettings = {
				CODE_SIGN_STYLE = Automatic;
				CURRENT_PROJECT_VERSION = 1;
				DEVELOPMENT_TEAM = DG7F78X4FB;
				"DSTROOT[sdk=*]" = "/tmp/$(PROJECT_NAME).dst";
				GENERATE_INFOPLIST_FILE = YES;
				INFOPLIST_FILE = ProjectAPIUITests/Info.plist;
				MARKETING_VERSION = 1.0;
				ONLY_ACTIVE_ARCH = YES;
				PRODUCT_BUNDLE_IDENTIFIER = gabrielvargas.ProjectAPIUITests;
				PRODUCT_NAME = "$(TARGET_NAME)";
				SWIFT_EMIT_LOC_STRINGS = NO;
				SWIFT_VERSION = 5.0;
				TARGETED_DEVICE_FAMILY = "1,2";
				TEST_TARGET_NAME = ProjectAPI;
			};
			name = UITEST;
		};
		B7C66D372B2BE85300C8580A /* Debug */ = {
			isa = XCBuildConfiguration;
			baseConfigurationReference = B7C69BEC2B719CCA00E5D36B /* Config.xcconfig */;
			buildSettings = {
				ALWAYS_SEARCH_USER_PATHS = NO;
				ASSETCATALOG_COMPILER_GENERATE_SWIFT_ASSET_SYMBOL_EXTENSIONS = YES;
				CLANG_ANALYZER_NONNULL = YES;
				CLANG_ANALYZER_NUMBER_OBJECT_CONVERSION = YES_AGGRESSIVE;
				CLANG_CXX_LANGUAGE_STANDARD = "gnu++20";
				CLANG_ENABLE_MODULES = YES;
				CLANG_ENABLE_OBJC_ARC = YES;
				CLANG_ENABLE_OBJC_WEAK = YES;
				CLANG_WARN_BLOCK_CAPTURE_AUTORELEASING = YES;
				CLANG_WARN_BOOL_CONVERSION = YES;
				CLANG_WARN_COMMA = YES;
				CLANG_WARN_CONSTANT_CONVERSION = YES;
				CLANG_WARN_DEPRECATED_OBJC_IMPLEMENTATIONS = YES;
				CLANG_WARN_DIRECT_OBJC_ISA_USAGE = YES_ERROR;
				CLANG_WARN_DOCUMENTATION_COMMENTS = YES;
				CLANG_WARN_EMPTY_BODY = YES;
				CLANG_WARN_ENUM_CONVERSION = YES;
				CLANG_WARN_INFINITE_RECURSION = YES;
				CLANG_WARN_INT_CONVERSION = YES;
				CLANG_WARN_NON_LITERAL_NULL_CONVERSION = YES;
				CLANG_WARN_OBJC_IMPLICIT_RETAIN_SELF = YES;
				CLANG_WARN_OBJC_LITERAL_CONVERSION = YES;
				CLANG_WARN_OBJC_ROOT_CLASS = YES_ERROR;
				CLANG_WARN_QUOTED_INCLUDE_IN_FRAMEWORK_HEADER = YES;
				CLANG_WARN_RANGE_LOOP_ANALYSIS = YES;
				CLANG_WARN_STRICT_PROTOTYPES = YES;
				CLANG_WARN_SUSPICIOUS_MOVE = YES;
				CLANG_WARN_UNGUARDED_AVAILABILITY = YES_AGGRESSIVE;
				CLANG_WARN_UNREACHABLE_CODE = YES;
				CLANG_WARN__DUPLICATE_METHOD_MATCH = YES;
				COPY_PHASE_STRIP = NO;
				DEBUG_INFORMATION_FORMAT = dwarf;
				ENABLE_STRICT_OBJC_MSGSEND = YES;
				ENABLE_TESTABILITY = YES;
				ENABLE_USER_SCRIPT_SANDBOXING = NO;
				GCC_C_LANGUAGE_STANDARD = gnu17;
				GCC_DYNAMIC_NO_PIC = NO;
				GCC_NO_COMMON_BLOCKS = YES;
				GCC_OPTIMIZATION_LEVEL = 0;
				GCC_PREPROCESSOR_DEFINITIONS = (
					"DEBUG=1",
					"$(inherited)",
				);
				GCC_WARN_64_TO_32_BIT_CONVERSION = YES;
				GCC_WARN_ABOUT_RETURN_TYPE = YES_ERROR;
				GCC_WARN_UNDECLARED_SELECTOR = YES;
				GCC_WARN_UNINITIALIZED_AUTOS = YES_AGGRESSIVE;
				GCC_WARN_UNUSED_FUNCTION = YES;
				GCC_WARN_UNUSED_VARIABLE = YES;
				IPHONEOS_DEPLOYMENT_TARGET = 17.2;
				LOCALIZATION_PREFERS_STRING_CATALOGS = YES;
				"LOGIN_EMAIL[arch=*]" = "gabrielvargastest@email.com";
				MTL_ENABLE_DEBUG_INFO = INCLUDE_SOURCE;
				MTL_FAST_MATH = YES;
				ONLY_ACTIVE_ARCH = YES;
				SDKROOT = iphoneos;
				SWIFT_ACTIVE_COMPILATION_CONDITIONS = "DEBUG $(inherited)";
				SWIFT_OPTIMIZATION_LEVEL = "-Onone";
			};
			name = Debug;
		};
		B7C66D382B2BE85300C8580A /* Release */ = {
			isa = XCBuildConfiguration;
			baseConfigurationReference = B7C69BEC2B719CCA00E5D36B /* Config.xcconfig */;
			buildSettings = {
				ALWAYS_SEARCH_USER_PATHS = NO;
				ASSETCATALOG_COMPILER_GENERATE_SWIFT_ASSET_SYMBOL_EXTENSIONS = YES;
				CLANG_ANALYZER_NONNULL = YES;
				CLANG_ANALYZER_NUMBER_OBJECT_CONVERSION = YES_AGGRESSIVE;
				CLANG_CXX_LANGUAGE_STANDARD = "gnu++20";
				CLANG_ENABLE_MODULES = YES;
				CLANG_ENABLE_OBJC_ARC = YES;
				CLANG_ENABLE_OBJC_WEAK = YES;
				CLANG_WARN_BLOCK_CAPTURE_AUTORELEASING = YES;
				CLANG_WARN_BOOL_CONVERSION = YES;
				CLANG_WARN_COMMA = YES;
				CLANG_WARN_CONSTANT_CONVERSION = YES;
				CLANG_WARN_DEPRECATED_OBJC_IMPLEMENTATIONS = YES;
				CLANG_WARN_DIRECT_OBJC_ISA_USAGE = YES_ERROR;
				CLANG_WARN_DOCUMENTATION_COMMENTS = YES;
				CLANG_WARN_EMPTY_BODY = YES;
				CLANG_WARN_ENUM_CONVERSION = YES;
				CLANG_WARN_INFINITE_RECURSION = YES;
				CLANG_WARN_INT_CONVERSION = YES;
				CLANG_WARN_NON_LITERAL_NULL_CONVERSION = YES;
				CLANG_WARN_OBJC_IMPLICIT_RETAIN_SELF = YES;
				CLANG_WARN_OBJC_LITERAL_CONVERSION = YES;
				CLANG_WARN_OBJC_ROOT_CLASS = YES_ERROR;
				CLANG_WARN_QUOTED_INCLUDE_IN_FRAMEWORK_HEADER = YES;
				CLANG_WARN_RANGE_LOOP_ANALYSIS = YES;
				CLANG_WARN_STRICT_PROTOTYPES = YES;
				CLANG_WARN_SUSPICIOUS_MOVE = YES;
				CLANG_WARN_UNGUARDED_AVAILABILITY = YES_AGGRESSIVE;
				CLANG_WARN_UNREACHABLE_CODE = YES;
				CLANG_WARN__DUPLICATE_METHOD_MATCH = YES;
				COPY_PHASE_STRIP = NO;
				DEBUG_INFORMATION_FORMAT = "dwarf-with-dsym";
				ENABLE_NS_ASSERTIONS = NO;
				ENABLE_STRICT_OBJC_MSGSEND = YES;
				ENABLE_USER_SCRIPT_SANDBOXING = NO;
				GCC_C_LANGUAGE_STANDARD = gnu17;
				GCC_NO_COMMON_BLOCKS = YES;
				GCC_WARN_64_TO_32_BIT_CONVERSION = YES;
				GCC_WARN_ABOUT_RETURN_TYPE = YES_ERROR;
				GCC_WARN_UNDECLARED_SELECTOR = YES;
				GCC_WARN_UNINITIALIZED_AUTOS = YES_AGGRESSIVE;
				GCC_WARN_UNUSED_FUNCTION = YES;
				GCC_WARN_UNUSED_VARIABLE = YES;
				IPHONEOS_DEPLOYMENT_TARGET = 17.2;
				LOCALIZATION_PREFERS_STRING_CATALOGS = YES;
				MTL_ENABLE_DEBUG_INFO = NO;
				MTL_FAST_MATH = YES;
				ONLY_ACTIVE_ARCH = YES;
				SDKROOT = iphoneos;
				SWIFT_COMPILATION_MODE = wholemodule;
				VALIDATE_PRODUCT = YES;
			};
			name = Release;
		};
		B7C66D3A2B2BE85300C8580A /* Debug */ = {
			isa = XCBuildConfiguration;
			baseConfigurationReference = 1E2E31276D0D72F4B00AC00C /* Pods-ProjectAPI.debug.xcconfig */;
			buildSettings = {
				ASSETCATALOG_COMPILER_APPICON_NAME = AppIcon;
				ASSETCATALOG_COMPILER_GLOBAL_ACCENT_COLOR_NAME = AccentColor;
				CODE_SIGN_STYLE = Automatic;
				CURRENT_PROJECT_VERSION = 1;
				DEBUG_INFORMATION_FORMAT = "dwarf-with-dsym";
				DEVELOPMENT_ASSET_PATHS = "\"ProjectAPI/Preview Content\"";
				DEVELOPMENT_TEAM = DG7F78X4FB;
				ENABLE_PREVIEWS = YES;
				GENERATE_INFOPLIST_FILE = YES;
				INFOPLIST_FILE = /Users/dtidigital/Documents/ProjectAPI/Info.plist;
				INFOPLIST_KEY_UIApplicationSceneManifest_Generation = YES;
				INFOPLIST_KEY_UIApplicationSupportsIndirectInputEvents = YES;
				INFOPLIST_KEY_UILaunchScreen_Generation = YES;
				INFOPLIST_KEY_UISupportedInterfaceOrientations_iPad = "UIInterfaceOrientationPortrait UIInterfaceOrientationPortraitUpsideDown UIInterfaceOrientationLandscapeLeft UIInterfaceOrientationLandscapeRight";
				INFOPLIST_KEY_UISupportedInterfaceOrientations_iPhone = "UIInterfaceOrientationPortrait UIInterfaceOrientationLandscapeLeft UIInterfaceOrientationLandscapeRight";
				LD_RUNPATH_SEARCH_PATHS = (
					"$(inherited)",
					"@executable_path/Frameworks",
				);
				MARKETING_VERSION = 1.0;
				PRODUCT_BUNDLE_IDENTIFIER = gabrielvargas.ProjectAPI;
				PRODUCT_NAME = "$(TARGET_NAME)";
				SWIFT_EMIT_LOC_STRINGS = YES;
				SWIFT_VERSION = 5.0;
				TARGETED_DEVICE_FAMILY = "1,2";
			};
			name = Debug;
		};
		B7C66D3B2B2BE85300C8580A /* Release */ = {
			isa = XCBuildConfiguration;
			baseConfigurationReference = A98527571DFBB7C045B611BB /* Pods-ProjectAPI.release.xcconfig */;
			buildSettings = {
				ASSETCATALOG_COMPILER_APPICON_NAME = AppIcon;
				ASSETCATALOG_COMPILER_GLOBAL_ACCENT_COLOR_NAME = AccentColor;
				CODE_SIGN_STYLE = Automatic;
				CURRENT_PROJECT_VERSION = 1;
				DEVELOPMENT_ASSET_PATHS = "\"ProjectAPI/Preview Content\"";
				DEVELOPMENT_TEAM = DG7F78X4FB;
				ENABLE_PREVIEWS = YES;
				GENERATE_INFOPLIST_FILE = YES;
				INFOPLIST_FILE = /Users/dtidigital/Documents/ProjectAPI/Info.plist;
				INFOPLIST_KEY_UIApplicationSceneManifest_Generation = YES;
				INFOPLIST_KEY_UIApplicationSupportsIndirectInputEvents = YES;
				INFOPLIST_KEY_UILaunchScreen_Generation = YES;
				INFOPLIST_KEY_UISupportedInterfaceOrientations_iPad = "UIInterfaceOrientationPortrait UIInterfaceOrientationPortraitUpsideDown UIInterfaceOrientationLandscapeLeft UIInterfaceOrientationLandscapeRight";
				INFOPLIST_KEY_UISupportedInterfaceOrientations_iPhone = "UIInterfaceOrientationPortrait UIInterfaceOrientationLandscapeLeft UIInterfaceOrientationLandscapeRight";
				LD_RUNPATH_SEARCH_PATHS = (
					"$(inherited)",
					"@executable_path/Frameworks",
				);
				MARKETING_VERSION = 1.0;
				PRODUCT_BUNDLE_IDENTIFIER = gabrielvargas.ProjectAPI;
				PRODUCT_NAME = "$(TARGET_NAME)";
				SWIFT_EMIT_LOC_STRINGS = YES;
				SWIFT_VERSION = 5.0;
				TARGETED_DEVICE_FAMILY = "1,2";
			};
			name = Release;
		};
		B7C66D3D2B2BE85300C8580A /* Debug */ = {
			isa = XCBuildConfiguration;
			baseConfigurationReference = B688C357B8661A20D09F570E /* Pods-ProjectAPITests.debug.xcconfig */;
			buildSettings = {
				BUNDLE_LOADER = "$(TEST_HOST)";
				CLANG_ENABLE_MODULES = YES;
				CODE_SIGN_STYLE = Automatic;
				CURRENT_PROJECT_VERSION = 1;
				DEVELOPMENT_TEAM = DG7F78X4FB;
				GENERATE_INFOPLIST_FILE = YES;
				IPHONEOS_DEPLOYMENT_TARGET = 17.2;
				MARKETING_VERSION = 1.0;
				PRODUCT_BUNDLE_IDENTIFIER = gabrielvargas.ProjectAPITests;
				PRODUCT_NAME = "$(TARGET_NAME)";
				SWIFT_EMIT_LOC_STRINGS = NO;
				SWIFT_OPTIMIZATION_LEVEL = "-Onone";
				SWIFT_VERSION = 5.0;
				TARGETED_DEVICE_FAMILY = "1,2";
				TEST_HOST = "$(BUILT_PRODUCTS_DIR)/ProjectAPI.app/$(BUNDLE_EXECUTABLE_FOLDER_PATH)/ProjectAPI";
			};
			name = Debug;
		};
		B7C66D3E2B2BE85300C8580A /* Release */ = {
			isa = XCBuildConfiguration;
			baseConfigurationReference = DAB35A9A240002917BDDEFE0 /* Pods-ProjectAPITests.release.xcconfig */;
			buildSettings = {
				BUNDLE_LOADER = "$(TEST_HOST)";
				CLANG_ENABLE_MODULES = YES;
				CODE_SIGN_STYLE = Automatic;
				CURRENT_PROJECT_VERSION = 1;
				DEVELOPMENT_TEAM = DG7F78X4FB;
				GENERATE_INFOPLIST_FILE = YES;
				IPHONEOS_DEPLOYMENT_TARGET = 17.2;
				MARKETING_VERSION = 1.0;
				PRODUCT_BUNDLE_IDENTIFIER = gabrielvargas.ProjectAPITests;
				PRODUCT_NAME = "$(TARGET_NAME)";
				SWIFT_EMIT_LOC_STRINGS = NO;
				SWIFT_VERSION = 5.0;
				TARGETED_DEVICE_FAMILY = "1,2";
				TEST_HOST = "$(BUILT_PRODUCTS_DIR)/ProjectAPI.app/$(BUNDLE_EXECUTABLE_FOLDER_PATH)/ProjectAPI";
			};
			name = Release;
		};
		B7C66D402B2BE85300C8580A /* Debug */ = {
			isa = XCBuildConfiguration;
			baseConfigurationReference = 70FFBE31541E92960AE0974E /* Pods-ProjectAPI-ProjectAPIUITests.debug.xcconfig */;
			buildSettings = {
				CODE_SIGN_STYLE = Automatic;
				CURRENT_PROJECT_VERSION = 1;
				DEVELOPMENT_TEAM = DG7F78X4FB;
				GENERATE_INFOPLIST_FILE = YES;
				INFOPLIST_FILE = ProjectAPIUITests/Info.plist;
				MARKETING_VERSION = 1.0;
				PRODUCT_BUNDLE_IDENTIFIER = gabrielvargas.ProjectAPIUITests;
				PRODUCT_NAME = "$(TARGET_NAME)";
				SWIFT_EMIT_LOC_STRINGS = NO;
				SWIFT_VERSION = 5.0;
				TARGETED_DEVICE_FAMILY = "1,2";
				TEST_TARGET_NAME = ProjectAPI;
			};
			name = Debug;
		};
		B7C66D412B2BE85300C8580A /* Release */ = {
			isa = XCBuildConfiguration;
			baseConfigurationReference = 148A83AE3C9672381B5D2594 /* Pods-ProjectAPI-ProjectAPIUITests.release.xcconfig */;
			buildSettings = {
				CODE_SIGN_STYLE = Automatic;
				CURRENT_PROJECT_VERSION = 1;
				DEVELOPMENT_TEAM = DG7F78X4FB;
				GENERATE_INFOPLIST_FILE = YES;
				INFOPLIST_FILE = ProjectAPIUITests/Info.plist;
				MARKETING_VERSION = 1.0;
				PRODUCT_BUNDLE_IDENTIFIER = gabrielvargas.ProjectAPIUITests;
				PRODUCT_NAME = "$(TARGET_NAME)";
				SWIFT_EMIT_LOC_STRINGS = NO;
				SWIFT_VERSION = 5.0;
				TARGETED_DEVICE_FAMILY = "1,2";
				TEST_TARGET_NAME = ProjectAPI;
			};
			name = Release;
		};
/* End XCBuildConfiguration section */

/* Begin XCConfigurationList section */
		B7C66D102B2BE85000C8580A /* Build configuration list for PBXProject "ProjectAPI" */ = {
			isa = XCConfigurationList;
			buildConfigurations = (
				B7C66D372B2BE85300C8580A /* Debug */,
				B71DABDE2B71320B00C80EEB /* UITEST */,
				B7C66D382B2BE85300C8580A /* Release */,
			);
			defaultConfigurationIsVisible = 0;
			defaultConfigurationName = Release;
		};
		B7C66D392B2BE85300C8580A /* Build configuration list for PBXNativeTarget "ProjectAPI" */ = {
			isa = XCConfigurationList;
			buildConfigurations = (
				B7C66D3A2B2BE85300C8580A /* Debug */,
				B71DABDF2B71320B00C80EEB /* UITEST */,
				B7C66D3B2B2BE85300C8580A /* Release */,
			);
			defaultConfigurationIsVisible = 0;
			defaultConfigurationName = Release;
		};
		B7C66D3C2B2BE85300C8580A /* Build configuration list for PBXNativeTarget "ProjectAPITests" */ = {
			isa = XCConfigurationList;
			buildConfigurations = (
				B7C66D3D2B2BE85300C8580A /* Debug */,
				B71DABE02B71320B00C80EEB /* UITEST */,
				B7C66D3E2B2BE85300C8580A /* Release */,
			);
			defaultConfigurationIsVisible = 0;
			defaultConfigurationName = Release;
		};
		B7C66D3F2B2BE85300C8580A /* Build configuration list for PBXNativeTarget "ProjectAPIUITests" */ = {
			isa = XCConfigurationList;
			buildConfigurations = (
				B7C66D402B2BE85300C8580A /* Debug */,
				B71DABE12B71320B00C80EEB /* UITEST */,
				B7C66D412B2BE85300C8580A /* Release */,
			);
			defaultConfigurationIsVisible = 0;
			defaultConfigurationName = Release;
		};
/* End XCConfigurationList section */

/* Begin XCRemoteSwiftPackageReference section */
		B75483592B6C5035002B6C74 /* XCRemoteSwiftPackageReference "swift-async-algorithms" */ = {
			isa = XCRemoteSwiftPackageReference;
			repositoryURL = "https://github.com/apple/swift-async-algorithms.git";
			requirement = {
				kind = upToNextMajorVersion;
				minimumVersion = 1.0.0;
			};
		};
		B75BB7A02B5EBE48004DDC1E /* XCRemoteSwiftPackageReference "mockingbird" */ = {
			isa = XCRemoteSwiftPackageReference;
			repositoryURL = "https://github.com/birdrides/mockingbird#quick-start";
			requirement = {
				kind = upToNextMajorVersion;
				minimumVersion = 0.20.0;
			};
		};
		B75DF2F02B743EA300682305 /* XCRemoteSwiftPackageReference "swift-snapshot-testing" */ = {
			isa = XCRemoteSwiftPackageReference;
			repositoryURL = "https://github.com/pointfreeco/swift-snapshot-testing";
			requirement = {
				kind = upToNextMajorVersion;
				minimumVersion = 1.15.3;
			};
		};
		B75DF2FB2B7545A800682305 /* XCRemoteSwiftPackageReference "Nimble-Snapshots" */ = {
			isa = XCRemoteSwiftPackageReference;
			repositoryURL = "https://github.com/ashfurrow/Nimble-Snapshots";
			requirement = {
				kind = upToNextMajorVersion;
				minimumVersion = 9.7.0;
			};
		};
		B77253182B62C670005A1BC8 /* XCRemoteSwiftPackageReference "Cuckoo" */ = {
			isa = XCRemoteSwiftPackageReference;
			repositoryURL = "https://github.com/Brightify/Cuckoo.git";
			requirement = {
				kind = upToNextMajorVersion;
				minimumVersion = 1.10.3;
			};
		};
		B786FEF32B34A8D40023FFC0 /* XCRemoteSwiftPackageReference "firebase-ios-sdk" */ = {
			isa = XCRemoteSwiftPackageReference;
			repositoryURL = "https://github.com/firebase/firebase-ios-sdk";
			requirement = {
				kind = upToNextMajorVersion;
				minimumVersion = 10.19.1;
			};
		};
		B78BDC602B754B1A00C96C74 /* XCRemoteSwiftPackageReference "CwlCatchException" */ = {
			isa = XCRemoteSwiftPackageReference;
			repositoryURL = "https://github.com/mattgallagher/CwlCatchException.git";
			requirement = {
				kind = upToNextMajorVersion;
				minimumVersion = 2.1.2;
			};
		};
		B7B692F32B55B3C2004D9059 /* XCRemoteSwiftPackageReference "Quick" */ = {
			isa = XCRemoteSwiftPackageReference;
			repositoryURL = "https://github.com/Quick/Quick";
			requirement = {
				branch = main;
				kind = branch;
			};
		};
		B7B692F62B55B3E4004D9059 /* XCRemoteSwiftPackageReference "Nimble" */ = {
			isa = XCRemoteSwiftPackageReference;
			repositoryURL = "https://github.com/Quick/Nimble.git";
			requirement = {
				branch = main;
				kind = branch;
			};
		};
		B7C2702D2B4C399100F448A1 /* XCRemoteSwiftPackageReference "GoogleSignIn-iOS" */ = {
			isa = XCRemoteSwiftPackageReference;
			repositoryURL = "https://github.com/google/GoogleSignIn-iOS";
			requirement = {
				kind = upToNextMajorVersion;
				minimumVersion = 7.0.0;
			};
		};
		B7CC0ED82B602B3100A650BF /* XCRemoteSwiftPackageReference "ViewInspector" */ = {
			isa = XCRemoteSwiftPackageReference;
			repositoryURL = "https://github.com/nalexn/ViewInspector.git";
			requirement = {
				kind = upToNextMajorVersion;
				minimumVersion = 0.9.10;
			};
		};
/* End XCRemoteSwiftPackageReference section */

/* Begin XCSwiftPackageProductDependency section */
		B74062062B6C7C1F00D02CAF /* Cuckoo */ = {
			isa = XCSwiftPackageProductDependency;
			productName = Cuckoo;
		};
		B74062082B6C7C3100D02CAF /* Quick */ = {
			isa = XCSwiftPackageProductDependency;
			package = B7B692F32B55B3C2004D9059 /* XCRemoteSwiftPackageReference "Quick" */;
			productName = Quick;
		};
		B740620A2B6C7C3E00D02CAF /* Nimble */ = {
			isa = XCSwiftPackageProductDependency;
			package = B7B692F62B55B3E4004D9059 /* XCRemoteSwiftPackageReference "Nimble" */;
			productName = Nimble;
		};
		B754835A2B6C5035002B6C74 /* AsyncAlgorithms */ = {
			isa = XCSwiftPackageProductDependency;
			package = B75483592B6C5035002B6C74 /* XCRemoteSwiftPackageReference "swift-async-algorithms" */;
			productName = AsyncAlgorithms;
		};
		B75BB7A12B5EBE48004DDC1E /* Mockingbird */ = {
			isa = XCSwiftPackageProductDependency;
			package = B75BB7A02B5EBE48004DDC1E /* XCRemoteSwiftPackageReference "mockingbird" */;
			productName = Mockingbird;
		};
		B75DF2F12B743EA300682305 /* InlineSnapshotTesting */ = {
			isa = XCSwiftPackageProductDependency;
			package = B75DF2F02B743EA300682305 /* XCRemoteSwiftPackageReference "swift-snapshot-testing" */;
			productName = InlineSnapshotTesting;
		};
		B75DF2F32B743EA300682305 /* SnapshotTesting */ = {
			isa = XCSwiftPackageProductDependency;
			package = B75DF2F02B743EA300682305 /* XCRemoteSwiftPackageReference "swift-snapshot-testing" */;
			productName = SnapshotTesting;
		};
		B75DF2FC2B7545A900682305 /* Nimble-Snapshots */ = {
			isa = XCSwiftPackageProductDependency;
			package = B75DF2FB2B7545A800682305 /* XCRemoteSwiftPackageReference "Nimble-Snapshots" */;
			productName = "Nimble-Snapshots";
		};
		B75F125F2B729D7A00B5125A /* FirebaseMessaging */ = {
			isa = XCSwiftPackageProductDependency;
			productName = FirebaseMessaging;
		};
		B75F12612B729D8E00B5125A /* GoogleSignIn */ = {
			isa = XCSwiftPackageProductDependency;
			package = B7C2702D2B4C399100F448A1 /* XCRemoteSwiftPackageReference "GoogleSignIn-iOS" */;
			productName = GoogleSignIn;
		};
		B76581F82B75481100D1AFF1 /* InlineSnapshotTesting */ = {
			isa = XCSwiftPackageProductDependency;
			package = B75DF2F02B743EA300682305 /* XCRemoteSwiftPackageReference "swift-snapshot-testing" */;
			productName = InlineSnapshotTesting;
		};
		B76581FA2B75481100D1AFF1 /* SnapshotTesting */ = {
			isa = XCSwiftPackageProductDependency;
			package = B75DF2F02B743EA300682305 /* XCRemoteSwiftPackageReference "swift-snapshot-testing" */;
			productName = SnapshotTesting;
		};
		B77253192B62C671005A1BC8 /* Cuckoo */ = {
			isa = XCSwiftPackageProductDependency;
			package = B77253182B62C670005A1BC8 /* XCRemoteSwiftPackageReference "Cuckoo" */;
			productName = Cuckoo;
		};
		B77685E22B64150E00B31222 /* Cuckoo */ = {
			isa = XCSwiftPackageProductDependency;
			package = B77253182B62C670005A1BC8 /* XCRemoteSwiftPackageReference "Cuckoo" */;
			productName = Cuckoo;
		};
		B786FEF42B34A8D40023FFC0 /* FirebaseAnalytics */ = {
			isa = XCSwiftPackageProductDependency;
			package = B786FEF32B34A8D40023FFC0 /* XCRemoteSwiftPackageReference "firebase-ios-sdk" */;
			productName = FirebaseAnalytics;
		};
		B786FEF62B34A8D40023FFC0 /* FirebaseAuth */ = {
			isa = XCSwiftPackageProductDependency;
			package = B786FEF32B34A8D40023FFC0 /* XCRemoteSwiftPackageReference "firebase-ios-sdk" */;
			productName = FirebaseAuth;
		};
		B786FEF82B34A8D40023FFC0 /* FirebaseCrashlytics */ = {
			isa = XCSwiftPackageProductDependency;
			package = B786FEF32B34A8D40023FFC0 /* XCRemoteSwiftPackageReference "firebase-ios-sdk" */;
			productName = FirebaseCrashlytics;
		};
		B786FEFA2B34A8D40023FFC0 /* FirebaseFirestore */ = {
			isa = XCSwiftPackageProductDependency;
			package = B786FEF32B34A8D40023FFC0 /* XCRemoteSwiftPackageReference "firebase-ios-sdk" */;
			productName = FirebaseFirestore;
		};
		B786FEFC2B34A8D40023FFC0 /* FirebaseMessaging */ = {
			isa = XCSwiftPackageProductDependency;
			package = B786FEF32B34A8D40023FFC0 /* XCRemoteSwiftPackageReference "firebase-ios-sdk" */;
			productName = FirebaseMessaging;
		};
		B786FEFE2B34A8D40023FFC0 /* FirebasePerformance */ = {
			isa = XCSwiftPackageProductDependency;
			package = B786FEF32B34A8D40023FFC0 /* XCRemoteSwiftPackageReference "firebase-ios-sdk" */;
			productName = FirebasePerformance;
		};
		B78BDC612B754B1A00C96C74 /* CwlCatchException */ = {
			isa = XCSwiftPackageProductDependency;
			package = B78BDC602B754B1A00C96C74 /* XCRemoteSwiftPackageReference "CwlCatchException" */;
			productName = CwlCatchException;
		};
		B78BDC632B754B2600C96C74 /* CwlCatchException */ = {
			isa = XCSwiftPackageProductDependency;
			package = B78BDC602B754B1A00C96C74 /* XCRemoteSwiftPackageReference "CwlCatchException" */;
			productName = CwlCatchException;
		};
		B7A262DB2B34A1D1009BF461 /* FirebaseCrashlytics */ = {
			isa = XCSwiftPackageProductDependency;
			productName = FirebaseCrashlytics;
		};
		B7A262DD2B34A1D1009BF461 /* FirebaseMessaging */ = {
			isa = XCSwiftPackageProductDependency;
			productName = FirebaseMessaging;
		};
		B7B692F42B55B3C2004D9059 /* Quick */ = {
			isa = XCSwiftPackageProductDependency;
			package = B7B692F32B55B3C2004D9059 /* XCRemoteSwiftPackageReference "Quick" */;
			productName = Quick;
		};
		B7B692F72B55B3E4004D9059 /* Nimble */ = {
			isa = XCSwiftPackageProductDependency;
			package = B7B692F62B55B3E4004D9059 /* XCRemoteSwiftPackageReference "Nimble" */;
			productName = Nimble;
		};
		B7C2702B2B4C361E00F448A1 /* FirebaseAuthCombine-Community */ = {
			isa = XCSwiftPackageProductDependency;
			package = B786FEF32B34A8D40023FFC0 /* XCRemoteSwiftPackageReference "firebase-ios-sdk" */;
			productName = "FirebaseAuthCombine-Community";
		};
		B7C2702E2B4C399100F448A1 /* GoogleSignIn */ = {
			isa = XCSwiftPackageProductDependency;
			package = B7C2702D2B4C399100F448A1 /* XCRemoteSwiftPackageReference "GoogleSignIn-iOS" */;
			productName = GoogleSignIn;
		};
		B7C270302B4C399100F448A1 /* GoogleSignInSwift */ = {
			isa = XCSwiftPackageProductDependency;
			package = B7C2702D2B4C399100F448A1 /* XCRemoteSwiftPackageReference "GoogleSignIn-iOS" */;
			productName = GoogleSignInSwift;
		};
		B7C69BEE2B71A19100E5D36B /* FirebaseAuth */ = {
			isa = XCSwiftPackageProductDependency;
			productName = FirebaseAuth;
		};
		B7CC0ED92B602B3100A650BF /* ViewInspector */ = {
			isa = XCSwiftPackageProductDependency;
			package = B7CC0ED82B602B3100A650BF /* XCRemoteSwiftPackageReference "ViewInspector" */;
			productName = ViewInspector;
		};
		B7CC0EDB2B602B4200A650BF /* ViewInspector */ = {
			isa = XCSwiftPackageProductDependency;
			package = B7CC0ED82B602B3100A650BF /* XCRemoteSwiftPackageReference "ViewInspector" */;
			productName = ViewInspector;
		};
/* End XCSwiftPackageProductDependency section */
	};
	rootObject = B7C66D0D2B2BE85000C8580A /* Project object */;
}
